// !$*UTF8*$!
{
	archiveVersion = 1;
	classes = {
	};
	objectVersion = 46;
	objects = {

/* Begin PBXAggregateTarget section */
		6AD13E7F2620317ADDAE3BED /* TriumvirateBass - All */ = {
			isa = PBXAggregateTarget;
			buildConfigurationList = 06E6698275EC917B79EB1D4B;
			buildPhases = (
			);
			dependencies = (
				408A54D642CE440FFE40573F,
				9DA7E6E24FBFAB1240361AA7,
				914A4EF9E83937AD0D830A5E,
				76B3F99AB0C34B3D51B27D21,
			);
			name = "TriumvirateBass - All";
			productName = TriumvirateBass;
		};
/* End PBXAggregateTarget section */

/* Begin PBXBuildFile section */
		02B8BE41212C7477045F8546 /* QuartzCore.framework */ = {isa = PBXBuildFile; fileRef = BF0975A2D28892DE08746EAF; };
		02D99964BC24E878BA441668 /* include_juce_core.mm */ = {isa = PBXBuildFile; fileRef = 771AEA5911B84AE9D2F19863; };
		052C5E4570FC2E503E2F42C2 /* AU */ = {isa = PBXBuildFile; fileRef = 957257F6AC5A4336B0DFABD9; };
		065AFC7F7ED5C886DDC27024 /* include_juce_audio_utils.mm */ = {isa = PBXBuildFile; fileRef = BE2B9623777EF6D89EDFA592; };
		0B6136ACCE9FC0A6D54BEADF /* include_juce_audio_plugin_client_utils.cpp */ = {isa = PBXBuildFile; fileRef = 0E0A00D43E923AEA2BF9416D; };
		120F6E0F01F3CD5370B72BD9 /* AudioToolbox.framework */ = {isa = PBXBuildFile; fileRef = E39869EF12B7B7B6AC0626D5; };
		1555E02E3ACCCD4C1FAF8CC6 /* PluginProcessor.cpp */ = {isa = PBXBuildFile; fileRef = 8B2F0DA421DFDCC5DA7A347A; };
		1B55E4991F5A1D61327CEBF0 /* include_juce_audio_processors_ara.cpp */ = {isa = PBXBuildFile; fileRef = 874A42BC93F21327B41A4272; };
		1E82D568A6332A8E9A8C4CC9 /* VST3 */ = {isa = PBXBuildFile; fileRef = 1CC7F5DD75E9CBE81FDB90EB; };
		1E9A5B429DF11672DB8C4AB9 /* include_juce_audio_plugin_client_VST_utils.mm */ = {isa = PBXBuildFile; fileRef = 00552A87AAED680B7B85D6BE; };
		20AF0E2A4F81A965884AFEA8 /* include_juce_audio_processors_lv2_libs.cpp */ = {isa = PBXBuildFile; fileRef = B5DA26C0DEB5987C8E8B2993; };
		2147D240EECF337200DF22D3 /* Standalone Plugin */ = {isa = PBXBuildFile; fileRef = 9572D648A9830700957AE0FD; };
		22660150A4BD007555520195 /* BinaryData.cpp */ = {isa = PBXBuildFile; fileRef = 03023721AB23CA1169F690C3; };
		245FDA8AA792F9D522721218 /* include_juce_gui_basics.mm */ = {isa = PBXBuildFile; fileRef = 509F3C5BF5B1366D9929825C; };
		25F56C42F94E6058733B8884 /* include_juce_events.mm */ = {isa = PBXBuildFile; fileRef = DD8D758B2BB2F18CE02F2A7E; };
		269BE303404C3613376F5118 /* AudioUnit.framework */ = {isa = PBXBuildFile; fileRef = 0019A2297C0FFDDCB6CFEA51; };
		2730EF16551C4E75DD00E766 /* WebKit.framework */ = {isa = PBXBuildFile; fileRef = 0593240C8A3839D6C2CA6F72; };
		2C69F8E4F6E0D45E25098C82 /* include_juce_audio_formats.mm */ = {isa = PBXBuildFile; fileRef = 35F8FB7CEEC9DC7F176AB867; };
		2D94255A0E368014B9EF4837 /* include_juce_dsp.mm */ = {isa = PBXBuildFile; fileRef = 9E736B1CC80CD862080A0FD7; };
		4C6E6CF45837D10030154C8A /* DiscRecording.framework */ = {isa = PBXBuildFile; fileRef = C950217DBD8D792BB48CD58C; };
		595511874DDA0874FE347E0D /* PluginEditor.cpp */ = {isa = PBXBuildFile; fileRef = 0C44FC44C1E16A2BA6C6C667; };
		5CAEF4445E7E096D15772998 /* include_juce_graphics.mm */ = {isa = PBXBuildFile; fileRef = 013ECFFC6F990958A9B0E7A0; };
		7113FDE16D37A822BD353CAA /* include_juce_audio_plugin_client_ARA.cpp */ = {isa = PBXBuildFile; fileRef = 157BD9F49876667C7F0F7D94; };
		75498C00515F55EDD788CA9B /* CoreAudio.framework */ = {isa = PBXBuildFile; fileRef = 61BD5353AAF16A27F97DF30C; };
		82278841F25563454F195780 /* InOutGainKnob.cpp */ = {isa = PBXBuildFile; fileRef = 693D54F7F23DC5984F926397; };
		8F6270D9C8D1D96AA7A75F8C /* CoreAudioKit.framework */ = {isa = PBXBuildFile; fileRef = 81A446F8AD4BCB8BDC064F30; };
		90FB636A5DD6588C42668295 /* CustomGainKnob.cpp */ = {isa = PBXBuildFile; fileRef = 26405C6D15484215E08698E5; };
		9FF29AD1CF2684018EF3BDEA /* Shared Code */ = {isa = PBXBuildFile; fileRef = D735C0B2026B67B86F76D9F0; };
		A7DB33728FC3EEF6F05720CE /* Foundation.framework */ = {isa = PBXBuildFile; fileRef = 26187049C070920911891BAC; };
		AC70E3E0C139ECBDAFD30D60 /* include_juce_audio_plugin_client_Standalone.cpp */ = {isa = PBXBuildFile; fileRef = 9AF0E5168A5F6D7436F43CBA; };
		AD8FA7C4DCCD9D04F53CB2CB /* include_juce_audio_processors.mm */ = {isa = PBXBuildFile; fileRef = 3680D186D514287E3EA00C7A; };
		B2C9BFC2D4253DE23C1F1011 /* CoreMIDI.framework */ = {isa = PBXBuildFile; fileRef = 44C3F7C8670A6A0AF489FBB1; };
		B80CD830C7DF88C68F4F21D9 /* include_juce_audio_basics.mm */ = {isa = PBXBuildFile; fileRef = E7BC812BBE4955F0CCFF6D88; };
		C70726AC00F188E91ACB722B /* include_juce_gui_extra.mm */ = {isa = PBXBuildFile; fileRef = 1A09F6D0F6C09039A39A48FA; };
		D637AA316603A2FAA71FD03B /* include_juce_audio_plugin_client_AU_1.mm */ = {isa = PBXBuildFile; fileRef = 7343DBA09A7FC48693F7A547; };
		DB5784C839AFC23832D52D69 /* IOKit.framework */ = {isa = PBXBuildFile; fileRef = 8DE2A13051CA3B90AC40D93B; };
		DF0C5A38D96A011549117A41 /* include_juce_audio_devices.mm */ = {isa = PBXBuildFile; fileRef = 321FAB94DE9D36735361A716; };
		E12CEA79B65F81308EE601E1 /* include_juce_audio_plugin_client_AU_2.mm */ = {isa = PBXBuildFile; fileRef = 76F7EC86F5E15F0FB7ABCE31; };
		E16E79F8576D739654424945 /* include_juce_audio_plugin_client_VST3.cpp */ = {isa = PBXBuildFile; fileRef = 27B272F4319276BBF0890EA2; };
		E76F4E84334D583AABEE0C54 /* RecentFilesMenuTemplate.nib */ = {isa = PBXBuildFile; fileRef = 89E27C2098FDC1A35D58D89E; };
		EF36BDF4B791668D35BBADDB /* PresetManager.cpp */ = {isa = PBXBuildFile; fileRef = 265723DF34C691EB29824004; };
		F1AF785CD1EAED6B240E714F /* Accelerate.framework */ = {isa = PBXBuildFile; fileRef = DACF4A82E08998FA9F103B71; };
		F74E2A790A5E5E048DADF282 /* Cocoa.framework */ = {isa = PBXBuildFile; fileRef = 88E3C53C9F2DA1CCFED8EA42; };
		FA951D3FE9C1E852E8111F83 /* include_ff_meters.cpp */ = {isa = PBXBuildFile; fileRef = 3FEC9200C1615551826901D4; };
		FEC83312C78BBA3DC6933C7F /* include_juce_data_structures.mm */ = {isa = PBXBuildFile; fileRef = EF683085E6B479F809D6BE2A; };
/* End PBXBuildFile section */

/* Begin PBXFileReference section */
		0019A2297C0FFDDCB6CFEA51 /* AudioUnit.framework */ /* AudioUnit.framework */ = {isa = PBXFileReference; lastKnownFileType = wrapper.framework; name = AudioUnit.framework; path = System/Library/Frameworks/AudioUnit.framework; sourceTree = SDKROOT; };
		00552A87AAED680B7B85D6BE /* include_juce_audio_plugin_client_VST_utils.mm */ /* include_juce_audio_plugin_client_VST_utils.mm */ = {isa = PBXFileReference; lastKnownFileType = sourcecode.cpp.objcpp; name = include_juce_audio_plugin_client_VST_utils.mm; path = ../../JuceLibraryCode/include_juce_audio_plugin_client_VST_utils.mm; sourceTree = SOURCE_ROOT; };
		013ECFFC6F990958A9B0E7A0 /* include_juce_graphics.mm */ /* include_juce_graphics.mm */ = {isa = PBXFileReference; lastKnownFileType = sourcecode.cpp.objcpp; name = include_juce_graphics.mm; path = ../../JuceLibraryCode/include_juce_graphics.mm; sourceTree = SOURCE_ROOT; };
		03023721AB23CA1169F690C3 /* BinaryData.cpp */ /* BinaryData.cpp */ = {isa = PBXFileReference; lastKnownFileType = sourcecode.cpp.cpp; name = BinaryData.cpp; path = ../../JuceLibraryCode/BinaryData.cpp; sourceTree = SOURCE_ROOT; };
		0593240C8A3839D6C2CA6F72 /* WebKit.framework */ /* WebKit.framework */ = {isa = PBXFileReference; lastKnownFileType = wrapper.framework; name = WebKit.framework; path = System/Library/Frameworks/WebKit.framework; sourceTree = SDKROOT; };
		0C44FC44C1E16A2BA6C6C667 /* PluginEditor.cpp */ /* PluginEditor.cpp */ = {isa = PBXFileReference; lastKnownFileType = sourcecode.cpp.cpp; name = PluginEditor.cpp; path = ../../Source/PluginEditor.cpp; sourceTree = SOURCE_ROOT; };
		0E0A00D43E923AEA2BF9416D /* include_juce_audio_plugin_client_utils.cpp */ /* include_juce_audio_plugin_client_utils.cpp */ = {isa = PBXFileReference; lastKnownFileType = sourcecode.cpp.cpp; name = include_juce_audio_plugin_client_utils.cpp; path = ../../JuceLibraryCode/include_juce_audio_plugin_client_utils.cpp; sourceTree = SOURCE_ROOT; };
		0E4F67394C681FDC00CC502F /* juce_gui_extra */ /* juce_gui_extra */ = {isa = PBXFileReference; lastKnownFileType = folder; name = juce_gui_extra; path = ../../JUCE/modules/juce_gui_extra; sourceTree = SOURCE_ROOT; };
		157BD9F49876667C7F0F7D94 /* include_juce_audio_plugin_client_ARA.cpp */ /* include_juce_audio_plugin_client_ARA.cpp */ = {isa = PBXFileReference; lastKnownFileType = sourcecode.cpp.cpp; name = include_juce_audio_plugin_client_ARA.cpp; path = ../../JuceLibraryCode/include_juce_audio_plugin_client_ARA.cpp; sourceTree = SOURCE_ROOT; };
		16F16DE99311217860665A55 /* JuceHeader.h */ /* JuceHeader.h */ = {isa = PBXFileReference; lastKnownFileType = sourcecode.c.h; name = JuceHeader.h; path = ../../JuceLibraryCode/JuceHeader.h; sourceTree = SOURCE_ROOT; };
		1A09F6D0F6C09039A39A48FA /* include_juce_gui_extra.mm */ /* include_juce_gui_extra.mm */ = {isa = PBXFileReference; lastKnownFileType = sourcecode.cpp.objcpp; name = include_juce_gui_extra.mm; path = ../../JuceLibraryCode/include_juce_gui_extra.mm; sourceTree = SOURCE_ROOT; };
		1CC7F5DD75E9CBE81FDB90EB /* VST3 */ = {isa = PBXFileReference; explicitFileType = wrapper.cfbundle; includeInIndex = 0; path = TriumvirateBass.vst3; sourceTree = BUILT_PRODUCTS_DIR; };
		24D7276F8F2695215A2915CE /* Info-VST3.plist */ /* Info-VST3.plist */ = {isa = PBXFileReference; lastKnownFileType = text.plist.xml; name = "Info-VST3.plist"; path = "Info-VST3.plist"; sourceTree = SOURCE_ROOT; };
		26187049C070920911891BAC /* Foundation.framework */ /* Foundation.framework */ = {isa = PBXFileReference; lastKnownFileType = wrapper.framework; name = Foundation.framework; path = System/Library/Frameworks/Foundation.framework; sourceTree = SDKROOT; };
		26405C6D15484215E08698E5 /* CustomGainKnob.cpp */ /* CustomGainKnob.cpp */ = {isa = PBXFileReference; lastKnownFileType = sourcecode.cpp.cpp; name = CustomGainKnob.cpp; path = ../../Source/GraphicElements/CustomGainKnob.cpp; sourceTree = SOURCE_ROOT; };
		265723DF34C691EB29824004 /* PresetManager.cpp */ /* PresetManager.cpp */ = {isa = PBXFileReference; lastKnownFileType = sourcecode.cpp.cpp; name = PresetManager.cpp; path = ../../Source/PresetService/PresetManager.cpp; sourceTree = SOURCE_ROOT; };
		27B272F4319276BBF0890EA2 /* include_juce_audio_plugin_client_VST3.cpp */ /* include_juce_audio_plugin_client_VST3.cpp */ = {isa = PBXFileReference; lastKnownFileType = sourcecode.cpp.cpp; name = include_juce_audio_plugin_client_VST3.cpp; path = ../../JuceLibraryCode/include_juce_audio_plugin_client_VST3.cpp; sourceTree = SOURCE_ROOT; };
		2857A85ED208BA53FC242271 /* PresetManager.h */ /* PresetManager.h */ = {isa = PBXFileReference; lastKnownFileType = sourcecode.c.h; name = PresetManager.h; path = ../../Source/PresetService/PresetManager.h; sourceTree = SOURCE_ROOT; };
		2EF1496F4FC000BA0193E580 /* juce_audio_plugin_client */ /* juce_audio_plugin_client */ = {isa = PBXFileReference; lastKnownFileType = folder; name = juce_audio_plugin_client; path = ../../JUCE/modules/juce_audio_plugin_client; sourceTree = SOURCE_ROOT; };
		321FAB94DE9D36735361A716 /* include_juce_audio_devices.mm */ /* include_juce_audio_devices.mm */ = {isa = PBXFileReference; lastKnownFileType = sourcecode.cpp.objcpp; name = include_juce_audio_devices.mm; path = ../../JuceLibraryCode/include_juce_audio_devices.mm; sourceTree = SOURCE_ROOT; };
		322A32EA3624D11BEB0700C8 /* PluginEditor.h */ /* PluginEditor.h */ = {isa = PBXFileReference; lastKnownFileType = sourcecode.c.h; name = PluginEditor.h; path = ../../Source/PluginEditor.h; sourceTree = SOURCE_ROOT; };
		3256F64E6B04EC306A873837 /* juce_audio_basics */ /* juce_audio_basics */ = {isa = PBXFileReference; lastKnownFileType = folder; name = juce_audio_basics; path = ../../JUCE/modules/juce_audio_basics; sourceTree = SOURCE_ROOT; };
		35F8FB7CEEC9DC7F176AB867 /* include_juce_audio_formats.mm */ /* include_juce_audio_formats.mm */ = {isa = PBXFileReference; lastKnownFileType = sourcecode.cpp.objcpp; name = include_juce_audio_formats.mm; path = ../../JuceLibraryCode/include_juce_audio_formats.mm; sourceTree = SOURCE_ROOT; };
		3680D186D514287E3EA00C7A /* include_juce_audio_processors.mm */ /* include_juce_audio_processors.mm */ = {isa = PBXFileReference; lastKnownFileType = sourcecode.cpp.objcpp; name = include_juce_audio_processors.mm; path = ../../JuceLibraryCode/include_juce_audio_processors.mm; sourceTree = SOURCE_ROOT; };
		3FEC9200C1615551826901D4 /* include_ff_meters.cpp */ /* include_ff_meters.cpp */ = {isa = PBXFileReference; lastKnownFileType = sourcecode.cpp.cpp; name = include_ff_meters.cpp; path = ../../JuceLibraryCode/include_ff_meters.cpp; sourceTree = SOURCE_ROOT; };
		41E36B3484C4682BDF923864 /* juce_dsp */ /* juce_dsp */ = {isa = PBXFileReference; lastKnownFileType = folder; name = juce_dsp; path = ../../JUCE/modules/juce_dsp; sourceTree = SOURCE_ROOT; };
		44C3F7C8670A6A0AF489FBB1 /* CoreMIDI.framework */ /* CoreMIDI.framework */ = {isa = PBXFileReference; lastKnownFileType = wrapper.framework; name = CoreMIDI.framework; path = System/Library/Frameworks/CoreMIDI.framework; sourceTree = SDKROOT; };
		4DCE4A157FC22240EBA1DA8A /* juce_core */ /* juce_core */ = {isa = PBXFileReference; lastKnownFileType = folder; name = juce_core; path = ../../JUCE/modules/juce_core; sourceTree = SOURCE_ROOT; };
		509F3C5BF5B1366D9929825C /* include_juce_gui_basics.mm */ /* include_juce_gui_basics.mm */ = {isa = PBXFileReference; lastKnownFileType = sourcecode.cpp.objcpp; name = include_juce_gui_basics.mm; path = ../../JuceLibraryCode/include_juce_gui_basics.mm; sourceTree = SOURCE_ROOT; };
		5829F70641CF9FFD5A6E544C /* Info-AU.plist */ /* Info-AU.plist */ = {isa = PBXFileReference; lastKnownFileType = text.plist.xml; name = "Info-AU.plist"; path = "Info-AU.plist"; sourceTree = SOURCE_ROOT; };
		5BE1070C710BB3FC1F0678F3 /* JucePluginDefines.h */ /* JucePluginDefines.h */ = {isa = PBXFileReference; lastKnownFileType = sourcecode.c.h; name = JucePluginDefines.h; path = ../../JuceLibraryCode/JucePluginDefines.h; sourceTree = SOURCE_ROOT; };
		5E08FD72D711578B75E80316 /* ff_meters */ /* ff_meters */ = {isa = PBXFileReference; lastKnownFileType = folder; name = ff_meters; path = ../../submodules/ff_meters; sourceTree = SOURCE_ROOT; };
		5FCA2EE0555C21DBCD34C837 /* juce_audio_processors */ /* juce_audio_processors */ = {isa = PBXFileReference; lastKnownFileType = folder; name = juce_audio_processors; path = ../../JUCE/modules/juce_audio_processors; sourceTree = SOURCE_ROOT; };
		61BD5353AAF16A27F97DF30C /* CoreAudio.framework */ /* CoreAudio.framework */ = {isa = PBXFileReference; lastKnownFileType = wrapper.framework; name = CoreAudio.framework; path = System/Library/Frameworks/CoreAudio.framework; sourceTree = SDKROOT; };
		693D54F7F23DC5984F926397 /* InOutGainKnob.cpp */ /* InOutGainKnob.cpp */ = {isa = PBXFileReference; lastKnownFileType = sourcecode.cpp.cpp; name = InOutGainKnob.cpp; path = ../../Source/GraphicElements/InOutGainKnob.cpp; sourceTree = SOURCE_ROOT; };
		697D550039AFADEE9C2BE5C5 /* Info-Standalone_Plugin.plist */ /* Info-Standalone_Plugin.plist */ = {isa = PBXFileReference; lastKnownFileType = text.plist.xml; name = "Info-Standalone_Plugin.plist"; path = "Info-Standalone_Plugin.plist"; sourceTree = SOURCE_ROOT; };
		6D5998F9A0C5A81BF7FE758F /* led_on_new.png */ /* led_on_new.png */ = {isa = PBXFileReference; lastKnownFileType = image.png; name = led_on_new.png; path = ../../Resources/led_on_new.png; sourceTree = SOURCE_ROOT; };
		7343DBA09A7FC48693F7A547 /* include_juce_audio_plugin_client_AU_1.mm */ /* include_juce_audio_plugin_client_AU_1.mm */ = {isa = PBXFileReference; lastKnownFileType = sourcecode.cpp.objcpp; name = include_juce_audio_plugin_client_AU_1.mm; path = ../../JuceLibraryCode/include_juce_audio_plugin_client_AU_1.mm; sourceTree = SOURCE_ROOT; };
		769D589991BE08BC9ED68732 /* juce_graphics */ /* juce_graphics */ = {isa = PBXFileReference; lastKnownFileType = folder; name = juce_graphics; path = ../../JUCE/modules/juce_graphics; sourceTree = SOURCE_ROOT; };
		76F7EC86F5E15F0FB7ABCE31 /* include_juce_audio_plugin_client_AU_2.mm */ /* include_juce_audio_plugin_client_AU_2.mm */ = {isa = PBXFileReference; lastKnownFileType = sourcecode.cpp.objcpp; name = include_juce_audio_plugin_client_AU_2.mm; path = ../../JuceLibraryCode/include_juce_audio_plugin_client_AU_2.mm; sourceTree = SOURCE_ROOT; };
		771AEA5911B84AE9D2F19863 /* include_juce_core.mm */ /* include_juce_core.mm */ = {isa = PBXFileReference; lastKnownFileType = sourcecode.cpp.objcpp; name = include_juce_core.mm; path = ../../JuceLibraryCode/include_juce_core.mm; sourceTree = SOURCE_ROOT; };
		81A446F8AD4BCB8BDC064F30 /* CoreAudioKit.framework */ /* CoreAudioKit.framework */ = {isa = PBXFileReference; lastKnownFileType = wrapper.framework; name = CoreAudioKit.framework; path = System/Library/Frameworks/CoreAudioKit.framework; sourceTree = SDKROOT; };
		874A42BC93F21327B41A4272 /* include_juce_audio_processors_ara.cpp */ /* include_juce_audio_processors_ara.cpp */ = {isa = PBXFileReference; lastKnownFileType = sourcecode.cpp.cpp; name = include_juce_audio_processors_ara.cpp; path = ../../JuceLibraryCode/include_juce_audio_processors_ara.cpp; sourceTree = SOURCE_ROOT; };
		88E3C53C9F2DA1CCFED8EA42 /* Cocoa.framework */ /* Cocoa.framework */ = {isa = PBXFileReference; lastKnownFileType = wrapper.framework; name = Cocoa.framework; path = System/Library/Frameworks/Cocoa.framework; sourceTree = SDKROOT; };
		89C64A7161D06A5A217B2382 /* juce_audio_devices */ /* juce_audio_devices */ = {isa = PBXFileReference; lastKnownFileType = folder; name = juce_audio_devices; path = ../../JUCE/modules/juce_audio_devices; sourceTree = SOURCE_ROOT; };
		89E27C2098FDC1A35D58D89E /* RecentFilesMenuTemplate.nib */ /* RecentFilesMenuTemplate.nib */ = {isa = PBXFileReference; lastKnownFileType = file.nib; name = RecentFilesMenuTemplate.nib; path = RecentFilesMenuTemplate.nib; sourceTree = SOURCE_ROOT; };
		8B2F0DA421DFDCC5DA7A347A /* PluginProcessor.cpp */ /* PluginProcessor.cpp */ = {isa = PBXFileReference; lastKnownFileType = sourcecode.cpp.cpp; name = PluginProcessor.cpp; path = ../../Source/PluginProcessor.cpp; sourceTree = SOURCE_ROOT; };
		8C24A1D555E864F8F2BF4462 /* BinaryData.h */ /* BinaryData.h */ = {isa = PBXFileReference; lastKnownFileType = sourcecode.c.h; name = BinaryData.h; path = ../../JuceLibraryCode/BinaryData.h; sourceTree = SOURCE_ROOT; };
		8DE2A13051CA3B90AC40D93B /* IOKit.framework */ /* IOKit.framework */ = {isa = PBXFileReference; lastKnownFileType = wrapper.framework; name = IOKit.framework; path = System/Library/Frameworks/IOKit.framework; sourceTree = SDKROOT; };
		92477ACDE60F9AD591A72AA1 /* triumvirate_new.png */ /* triumvirate_new.png */ = {isa = PBXFileReference; lastKnownFileType = image.png; name = triumvirate_new.png; path = ../../Resources/triumvirate_new.png; sourceTree = SOURCE_ROOT; };
		957257F6AC5A4336B0DFABD9 /* AU */ = {isa = PBXFileReference; explicitFileType = wrapper.cfbundle; includeInIndex = 0; path = TriumvirateBass.component; sourceTree = BUILT_PRODUCTS_DIR; };
		9572D648A9830700957AE0FD /* Standalone Plugin */ = {isa = PBXFileReference; explicitFileType = wrapper.application; includeInIndex = 0; path = TriumvirateBass.app; sourceTree = BUILT_PRODUCTS_DIR; };
		9AF0E5168A5F6D7436F43CBA /* include_juce_audio_plugin_client_Standalone.cpp */ /* include_juce_audio_plugin_client_Standalone.cpp */ = {isa = PBXFileReference; lastKnownFileType = sourcecode.cpp.cpp; name = include_juce_audio_plugin_client_Standalone.cpp; path = ../../JuceLibraryCode/include_juce_audio_plugin_client_Standalone.cpp; sourceTree = SOURCE_ROOT; };
		9E736B1CC80CD862080A0FD7 /* include_juce_dsp.mm */ /* include_juce_dsp.mm */ = {isa = PBXFileReference; lastKnownFileType = sourcecode.cpp.objcpp; name = include_juce_dsp.mm; path = ../../JuceLibraryCode/include_juce_dsp.mm; sourceTree = SOURCE_ROOT; };
		A18C8593AEB88553221C7AA1 /* PluginProcessor.h */ /* PluginProcessor.h */ = {isa = PBXFileReference; lastKnownFileType = sourcecode.c.h; name = PluginProcessor.h; path = ../../Source/PluginProcessor.h; sourceTree = SOURCE_ROOT; };
		A9F3B0669827130E096F44C3 /* juce_gui_basics */ /* juce_gui_basics */ = {isa = PBXFileReference; lastKnownFileType = folder; name = juce_gui_basics; path = ../../JUCE/modules/juce_gui_basics; sourceTree = SOURCE_ROOT; };
		AD121B1FDAC59C9D60F833AD /* juce_audio_utils */ /* juce_audio_utils */ = {isa = PBXFileReference; lastKnownFileType = folder; name = juce_audio_utils; path = ../../JUCE/modules/juce_audio_utils; sourceTree = SOURCE_ROOT; };
		B01ECE6A8290012A6FC618B0 /* juce_data_structures */ /* juce_data_structures */ = {isa = PBXFileReference; lastKnownFileType = folder; name = juce_data_structures; path = ../../JUCE/modules/juce_data_structures; sourceTree = SOURCE_ROOT; };
		B0D48100B39DC2EE82997954 /* led_off_new.png */ /* led_off_new.png */ = {isa = PBXFileReference; lastKnownFileType = image.png; name = led_off_new.png; path = ../../Resources/led_off_new.png; sourceTree = SOURCE_ROOT; };
		B5DA26C0DEB5987C8E8B2993 /* include_juce_audio_processors_lv2_libs.cpp */ /* include_juce_audio_processors_lv2_libs.cpp */ = {isa = PBXFileReference; lastKnownFileType = sourcecode.cpp.cpp; name = include_juce_audio_processors_lv2_libs.cpp; path = ../../JuceLibraryCode/include_juce_audio_processors_lv2_libs.cpp; sourceTree = SOURCE_ROOT; };
		BE2B9623777EF6D89EDFA592 /* include_juce_audio_utils.mm */ /* include_juce_audio_utils.mm */ = {isa = PBXFileReference; lastKnownFileType = sourcecode.cpp.objcpp; name = include_juce_audio_utils.mm; path = ../../JuceLibraryCode/include_juce_audio_utils.mm; sourceTree = SOURCE_ROOT; };
		BF0975A2D28892DE08746EAF /* QuartzCore.framework */ /* QuartzCore.framework */ = {isa = PBXFileReference; lastKnownFileType = wrapper.framework; name = QuartzCore.framework; path = System/Library/Frameworks/QuartzCore.framework; sourceTree = SDKROOT; };
		BFD9AD5E27AD972B39D8BACC /* InOutGainKnob.h */ /* InOutGainKnob.h */ = {isa = PBXFileReference; lastKnownFileType = sourcecode.c.h; name = InOutGainKnob.h; path = ../../Source/GraphicElements/InOutGainKnob.h; sourceTree = SOURCE_ROOT; };
		C950217DBD8D792BB48CD58C /* DiscRecording.framework */ /* DiscRecording.framework */ = {isa = PBXFileReference; lastKnownFileType = wrapper.framework; name = DiscRecording.framework; path = System/Library/Frameworks/DiscRecording.framework; sourceTree = SDKROOT; };
		CA63021A80AE2A4A5BCBFE90 /* PresetPanel.h */ /* PresetPanel.h */ = {isa = PBXFileReference; lastKnownFileType = sourcecode.c.h; name = PresetPanel.h; path = ../../Source/PresetGui/PresetPanel.h; sourceTree = SOURCE_ROOT; };
		CAC785D6D88D575DCDDDDB63 /* DefaultPresets.h */ /* DefaultPresets.h */ = {isa = PBXFileReference; lastKnownFileType = sourcecode.c.h; name = DefaultPresets.h; path = ../../Source/PresetService/DefaultPresets.h; sourceTree = SOURCE_ROOT; };
		CB8B90AD40FAF116C220F001 /* CustomGainKnob.h */ /* CustomGainKnob.h */ = {isa = PBXFileReference; lastKnownFileType = sourcecode.c.h; name = CustomGainKnob.h; path = ../../Source/GraphicElements/CustomGainKnob.h; sourceTree = SOURCE_ROOT; };
		D735C0B2026B67B86F76D9F0 /* Shared Code */ = {isa = PBXFileReference; explicitFileType = archive.ar; includeInIndex = 0; path = libTriumvirateBass.a; sourceTree = BUILT_PRODUCTS_DIR; };
		DA267F29F6D06F68DFAB6D99 /* juce_audio_formats */ /* juce_audio_formats */ = {isa = PBXFileReference; lastKnownFileType = folder; name = juce_audio_formats; path = ../../JUCE/modules/juce_audio_formats; sourceTree = SOURCE_ROOT; };
		DACF4A82E08998FA9F103B71 /* Accelerate.framework */ /* Accelerate.framework */ = {isa = PBXFileReference; lastKnownFileType = wrapper.framework; name = Accelerate.framework; path = System/Library/Frameworks/Accelerate.framework; sourceTree = SDKROOT; };
		DD8D758B2BB2F18CE02F2A7E /* include_juce_events.mm */ /* include_juce_events.mm */ = {isa = PBXFileReference; lastKnownFileType = sourcecode.cpp.objcpp; name = include_juce_events.mm; path = ../../JuceLibraryCode/include_juce_events.mm; sourceTree = SOURCE_ROOT; };
		E39869EF12B7B7B6AC0626D5 /* AudioToolbox.framework */ /* AudioToolbox.framework */ = {isa = PBXFileReference; lastKnownFileType = wrapper.framework; name = AudioToolbox.framework; path = System/Library/Frameworks/AudioToolbox.framework; sourceTree = SDKROOT; };
		E7BC812BBE4955F0CCFF6D88 /* include_juce_audio_basics.mm */ /* include_juce_audio_basics.mm */ = {isa = PBXFileReference; lastKnownFileType = sourcecode.cpp.objcpp; name = include_juce_audio_basics.mm; path = ../../JuceLibraryCode/include_juce_audio_basics.mm; sourceTree = SOURCE_ROOT; };
		EF683085E6B479F809D6BE2A /* include_juce_data_structures.mm */ /* include_juce_data_structures.mm */ = {isa = PBXFileReference; lastKnownFileType = sourcecode.cpp.objcpp; name = include_juce_data_structures.mm; path = ../../JuceLibraryCode/include_juce_data_structures.mm; sourceTree = SOURCE_ROOT; };
		FC32B147093189A2B7DC5D74 /* juce_events */ /* juce_events */ = {isa = PBXFileReference; lastKnownFileType = folder; name = juce_events; path = ../../JUCE/modules/juce_events; sourceTree = SOURCE_ROOT; };
/* End PBXFileReference section */

/* Begin PBXFrameworksBuildPhase section */
		70009DAAC37252CDFA2E32A1 = {
			isa = PBXFrameworksBuildPhase;
			buildActionMask = 2147483647;
			files = (
				F1AF785CD1EAED6B240E714F,
				120F6E0F01F3CD5370B72BD9,
				F74E2A790A5E5E048DADF282,
				75498C00515F55EDD788CA9B,
				8F6270D9C8D1D96AA7A75F8C,
				B2C9BFC2D4253DE23C1F1011,
				4C6E6CF45837D10030154C8A,
				A7DB33728FC3EEF6F05720CE,
				DB5784C839AFC23832D52D69,
				02B8BE41212C7477045F8546,
				2730EF16551C4E75DD00E766,
			);
			runOnlyForDeploymentPostprocessing = 0;
		};
		78370A8A169349AAB0BAF48F = {
			isa = PBXFrameworksBuildPhase;
			buildActionMask = 2147483647;
			files = (
				269BE303404C3613376F5118,
				F1AF785CD1EAED6B240E714F,
				120F6E0F01F3CD5370B72BD9,
				F74E2A790A5E5E048DADF282,
				75498C00515F55EDD788CA9B,
				8F6270D9C8D1D96AA7A75F8C,
				B2C9BFC2D4253DE23C1F1011,
				4C6E6CF45837D10030154C8A,
				A7DB33728FC3EEF6F05720CE,
				DB5784C839AFC23832D52D69,
				02B8BE41212C7477045F8546,
				2730EF16551C4E75DD00E766,
			);
			runOnlyForDeploymentPostprocessing = 0;
		};
		A582E351CE1B49180F2D9CD1 = {
			isa = PBXFrameworksBuildPhase;
			buildActionMask = 2147483647;
			files = (
				F1AF785CD1EAED6B240E714F,
				120F6E0F01F3CD5370B72BD9,
				F74E2A790A5E5E048DADF282,
				75498C00515F55EDD788CA9B,
				8F6270D9C8D1D96AA7A75F8C,
				B2C9BFC2D4253DE23C1F1011,
				4C6E6CF45837D10030154C8A,
				A7DB33728FC3EEF6F05720CE,
				DB5784C839AFC23832D52D69,
				02B8BE41212C7477045F8546,
				2730EF16551C4E75DD00E766,
			);
			runOnlyForDeploymentPostprocessing = 0;
		};
/* End PBXFrameworksBuildPhase section */

/* Begin PBXGroup section */
		135E09BC585E5796BEB4D856 /* PresetService */ = {
			isa = PBXGroup;
			children = (
				CAC785D6D88D575DCDDDDB63,
				265723DF34C691EB29824004,
				2857A85ED208BA53FC242271,
			);
			name = PresetService;
			sourceTree = "<group>";
		};
		250ACA73011BE5FC8B998022 /* Products */ = {
			isa = PBXGroup;
			children = (
				1CC7F5DD75E9CBE81FDB90EB,
				957257F6AC5A4336B0DFABD9,
				9572D648A9830700957AE0FD,
				D735C0B2026B67B86F76D9F0,
			);
			name = Products;
			sourceTree = "<group>";
		};
		79BA4B9DC3DC1BFA5A62AC37 /* JUCE Modules */ = {
			isa = PBXGroup;
			children = (
				5E08FD72D711578B75E80316,
				3256F64E6B04EC306A873837,
				89C64A7161D06A5A217B2382,
				DA267F29F6D06F68DFAB6D99,
				2EF1496F4FC000BA0193E580,
				5FCA2EE0555C21DBCD34C837,
				AD121B1FDAC59C9D60F833AD,
				4DCE4A157FC22240EBA1DA8A,
				B01ECE6A8290012A6FC618B0,
				41E36B3484C4682BDF923864,
				FC32B147093189A2B7DC5D74,
				769D589991BE08BC9ED68732,
				A9F3B0669827130E096F44C3,
				0E4F67394C681FDC00CC502F,
			);
			name = "JUCE Modules";
			sourceTree = "<group>";
		};
		8A1D32E8AC846FB1F8E030EE /* Frameworks */ = {
			isa = PBXGroup;
			children = (
				0019A2297C0FFDDCB6CFEA51,
				DACF4A82E08998FA9F103B71,
				E39869EF12B7B7B6AC0626D5,
				88E3C53C9F2DA1CCFED8EA42,
				61BD5353AAF16A27F97DF30C,
				81A446F8AD4BCB8BDC064F30,
				44C3F7C8670A6A0AF489FBB1,
				C950217DBD8D792BB48CD58C,
				26187049C070920911891BAC,
				8DE2A13051CA3B90AC40D93B,
				BF0975A2D28892DE08746EAF,
				0593240C8A3839D6C2CA6F72,
			);
			name = Frameworks;
			sourceTree = "<group>";
		};
		A1FEE7DEFA8D6500EE1100EA /* Resources */ = {
			isa = PBXGroup;
			children = (
				24D7276F8F2695215A2915CE,
				5829F70641CF9FFD5A6E544C,
				697D550039AFADEE9C2BE5C5,
				89E27C2098FDC1A35D58D89E,
			);
			name = Resources;
			sourceTree = "<group>";
		};
		AA64C6132031993EA156479C /* PresetGui */ = {
			isa = PBXGroup;
			children = (
				CA63021A80AE2A4A5BCBFE90,
			);
			name = PresetGui;
			sourceTree = "<group>";
		};
		AFDE640A45D4FD79BFCC80A2 /* Source */ = {
			isa = PBXGroup;
			children = (
				AA64C6132031993EA156479C,
				135E09BC585E5796BEB4D856,
				C3F9526DBC577CE8E8BA5C25,
				8B2F0DA421DFDCC5DA7A347A,
				A18C8593AEB88553221C7AA1,
				0C44FC44C1E16A2BA6C6C667,
				322A32EA3624D11BEB0700C8,
			);
			name = Source;
			sourceTree = "<group>";
		};
		BA2B6C172EDB0D9EF21DD620 /* Source */ = {
			isa = PBXGroup;
			children = (
				D0D9E7438BD1BB0A6E5FCC8F,
				79BA4B9DC3DC1BFA5A62AC37,
				FEA56A86F67A0CF8BEB0BEA9,
				A1FEE7DEFA8D6500EE1100EA,
				8A1D32E8AC846FB1F8E030EE,
				250ACA73011BE5FC8B998022,
			);
			name = Source;
			sourceTree = "<group>";
		};
		C3F9526DBC577CE8E8BA5C25 /* GraphicElements */ = {
			isa = PBXGroup;
			children = (
				26405C6D15484215E08698E5,
				CB8B90AD40FAF116C220F001,
				693D54F7F23DC5984F926397,
				BFD9AD5E27AD972B39D8BACC,
			);
			name = GraphicElements;
			sourceTree = "<group>";
		};
		D0D9E7438BD1BB0A6E5FCC8F /* TriumvirateBass */ = {
			isa = PBXGroup;
			children = (
				EE5167BCD357697CC6D380BC,
				AFDE640A45D4FD79BFCC80A2,
			);
			name = TriumvirateBass;
			sourceTree = "<group>";
		};
		EE5167BCD357697CC6D380BC /* Resources */ = {
			isa = PBXGroup;
			children = (
				B0D48100B39DC2EE82997954,
				6D5998F9A0C5A81BF7FE758F,
				92477ACDE60F9AD591A72AA1,
			);
			name = Resources;
			sourceTree = "<group>";
		};
		FEA56A86F67A0CF8BEB0BEA9 /* JUCE Library Code */ = {
			isa = PBXGroup;
			children = (
				03023721AB23CA1169F690C3,
				8C24A1D555E864F8F2BF4462,
				3FEC9200C1615551826901D4,
				E7BC812BBE4955F0CCFF6D88,
				321FAB94DE9D36735361A716,
				35F8FB7CEEC9DC7F176AB867,
				157BD9F49876667C7F0F7D94,
				7343DBA09A7FC48693F7A547,
				76F7EC86F5E15F0FB7ABCE31,
				9AF0E5168A5F6D7436F43CBA,
				0E0A00D43E923AEA2BF9416D,
				00552A87AAED680B7B85D6BE,
				27B272F4319276BBF0890EA2,
				3680D186D514287E3EA00C7A,
				874A42BC93F21327B41A4272,
				B5DA26C0DEB5987C8E8B2993,
				BE2B9623777EF6D89EDFA592,
				771AEA5911B84AE9D2F19863,
				EF683085E6B479F809D6BE2A,
				9E736B1CC80CD862080A0FD7,
				DD8D758B2BB2F18CE02F2A7E,
				013ECFFC6F990958A9B0E7A0,
				509F3C5BF5B1366D9929825C,
				1A09F6D0F6C09039A39A48FA,
				16F16DE99311217860665A55,
				5BE1070C710BB3FC1F0678F3,
			);
			name = "JUCE Library Code";
			sourceTree = "<group>";
		};
/* End PBXGroup section */

/* Begin PBXNativeTarget section */
		0BB2727FE9B3D8BD654075BD /* TriumvirateBass - VST3 */ = {
			isa = PBXNativeTarget;
			buildConfigurationList = 6831B997B4024AA462F48505;
			buildPhases = (
				FF199EBBA1EE730F8B0E5F00,
				7BCE94EEE17B2F9A6579D715,
				70009DAAC37252CDFA2E32A1,
			);
			buildRules = (
			);
			dependencies = (
				364981C48A9672AFF85C9C37,
			);
			name = "TriumvirateBass - VST3";
			productName = TriumvirateBass;
			productReference = 1CC7F5DD75E9CBE81FDB90EB;
			productType = "com.apple.product-type.bundle";
		};
		1A1E23AB4703FFF941EAD79F /* TriumvirateBass - Shared Code */ = {
			isa = PBXNativeTarget;
			buildConfigurationList = A36EF1F2EA9AAD61C1B876FB;
			buildPhases = (
				678A55E3AE8DD4B18DFD6045,
			);
			buildRules = (
			);
			dependencies = (
			);
			name = "TriumvirateBass - Shared Code";
			productName = TriumvirateBass;
			productReference = D735C0B2026B67B86F76D9F0;
			productType = "com.apple.product-type.library.static";
		};
		9BF9FDD6A04D9ED140ABF167 /* TriumvirateBass - AU */ = {
			isa = PBXNativeTarget;
			buildConfigurationList = 3ABDEE6A30D4E8EDF9DBD58D;
			buildPhases = (
				9C066BF62F498DBAB37D1751,
				1AEE975F42B882831E18528D,
				78370A8A169349AAB0BAF48F,
			);
			buildRules = (
			);
			dependencies = (
				8E166A5015F2A10E9420EE71,
			);
			name = "TriumvirateBass - AU";
			productName = TriumvirateBass;
			productReference = 957257F6AC5A4336B0DFABD9;
			productType = "com.apple.product-type.bundle";
		};
		AB6C89C763145B77AE980F0B /* TriumvirateBass - Standalone Plugin */ = {
			isa = PBXNativeTarget;
			buildConfigurationList = C2C86ABB69B3485F3194C4B5;
			buildPhases = (
				9E6BCDAD6728F177525194BA,
				628E9AF23B0D6FE03E1439E1,
				A582E351CE1B49180F2D9CD1,
			);
			buildRules = (
			);
			dependencies = (
				9519B0A5A8AA9ECA32AD25CF,
			);
			name = "TriumvirateBass - Standalone Plugin";
			productName = TriumvirateBass;
			productReference = 9572D648A9830700957AE0FD;
			productType = "com.apple.product-type.application";
		};
/* End PBXNativeTarget section */

/* Begin PBXProject section */
		A3A93B5A8FF790563F38E02C = {
			isa = PBXProject;
			attributes = {
				LastUpgradeCheck = 1340;
				ORGANIZATIONNAME = "raffasansone";
				TargetAttributes = {
					0BB2727FE9B3D8BD654075BD = {
						SystemCapabilities = {
							com.apple.ApplicationGroups.iOS = {
								enabled = 0;
							};
							com.apple.HardenedRuntime = {
								enabled = 0;
							};
							com.apple.InAppPurchase = {
								enabled = 0;
							};
							com.apple.InterAppAudio = {
								enabled = 0;
							};
							com.apple.Push = {
								enabled = 0;
							};
							com.apple.Sandbox = {
								enabled = 0;
							};
						};
					};
					1A1E23AB4703FFF941EAD79F = {
						SystemCapabilities = {
							com.apple.ApplicationGroups.iOS = {
								enabled = 0;
							};
							com.apple.HardenedRuntime = {
								enabled = 0;
							};
							com.apple.InAppPurchase = {
								enabled = 0;
							};
							com.apple.InterAppAudio = {
								enabled = 0;
							};
							com.apple.Push = {
								enabled = 0;
							};
							com.apple.Sandbox = {
								enabled = 0;
							};
						};
					};
					6AD13E7F2620317ADDAE3BED = {
						SystemCapabilities = {
							com.apple.ApplicationGroups.iOS = {
								enabled = 0;
							};
							com.apple.HardenedRuntime = {
								enabled = 0;
							};
							com.apple.InAppPurchase = {
								enabled = 0;
							};
							com.apple.InterAppAudio = {
								enabled = 0;
							};
							com.apple.Push = {
								enabled = 0;
							};
							com.apple.Sandbox = {
								enabled = 0;
							};
						};
					};
					9BF9FDD6A04D9ED140ABF167 = {
						SystemCapabilities = {
							com.apple.ApplicationGroups.iOS = {
								enabled = 0;
							};
							com.apple.HardenedRuntime = {
								enabled = 0;
							};
							com.apple.InAppPurchase = {
								enabled = 0;
							};
							com.apple.InterAppAudio = {
								enabled = 0;
							};
							com.apple.Push = {
								enabled = 0;
							};
							com.apple.Sandbox = {
								enabled = 0;
							};
						};
					};
					AB6C89C763145B77AE980F0B = {
						SystemCapabilities = {
							com.apple.ApplicationGroups.iOS = {
								enabled = 0;
							};
							com.apple.HardenedRuntime = {
								enabled = 0;
							};
							com.apple.InAppPurchase = {
								enabled = 0;
							};
							com.apple.InterAppAudio = {
								enabled = 0;
							};
							com.apple.Push = {
								enabled = 0;
							};
							com.apple.Sandbox = {
								enabled = 0;
							};
						};
					};
				};
			};
			buildConfigurationList = 510F5216BED00F6E219B8AE4;
			compatibilityVersion = "Xcode 3.2";
			hasScannedForEncodings = 0;
			knownRegions = (
				en,
				Base,
			);
			mainGroup = BA2B6C172EDB0D9EF21DD620;
			projectDirPath = "";
			projectRoot = "";
			targets = (
				6AD13E7F2620317ADDAE3BED,
				0BB2727FE9B3D8BD654075BD,
				9BF9FDD6A04D9ED140ABF167,
				AB6C89C763145B77AE980F0B,
				1A1E23AB4703FFF941EAD79F,
			);
		};
/* End PBXProject section */

/* Begin PBXResourcesBuildPhase section */
		9C066BF62F498DBAB37D1751 = {
			isa = PBXResourcesBuildPhase;
			buildActionMask = 2147483647;
			files = (
				E76F4E84334D583AABEE0C54,
			);
			runOnlyForDeploymentPostprocessing = 0;
		};
		9E6BCDAD6728F177525194BA = {
			isa = PBXResourcesBuildPhase;
			buildActionMask = 2147483647;
			files = (
				E76F4E84334D583AABEE0C54,
			);
			runOnlyForDeploymentPostprocessing = 0;
		};
		FF199EBBA1EE730F8B0E5F00 = {
			isa = PBXResourcesBuildPhase;
			buildActionMask = 2147483647;
			files = (
				E76F4E84334D583AABEE0C54,
			);
			runOnlyForDeploymentPostprocessing = 0;
		};
/* End PBXResourcesBuildPhase section */

/* Begin PBXSourcesBuildPhase section */
		1AEE975F42B882831E18528D = {
			isa = PBXSourcesBuildPhase;
			buildActionMask = 2147483647;
			files = (
				D637AA316603A2FAA71FD03B,
				E12CEA79B65F81308EE601E1,
			);
			runOnlyForDeploymentPostprocessing = 0;
		};
		628E9AF23B0D6FE03E1439E1 = {
			isa = PBXSourcesBuildPhase;
			buildActionMask = 2147483647;
			files = (
				AC70E3E0C139ECBDAFD30D60,
			);
			runOnlyForDeploymentPostprocessing = 0;
		};
		678A55E3AE8DD4B18DFD6045 = {
			isa = PBXSourcesBuildPhase;
			buildActionMask = 2147483647;
			files = (
				EF36BDF4B791668D35BBADDB,
				90FB636A5DD6588C42668295,
				82278841F25563454F195780,
				1555E02E3ACCCD4C1FAF8CC6,
				595511874DDA0874FE347E0D,
				22660150A4BD007555520195,
				FA951D3FE9C1E852E8111F83,
				B80CD830C7DF88C68F4F21D9,
				DF0C5A38D96A011549117A41,
				2C69F8E4F6E0D45E25098C82,
				7113FDE16D37A822BD353CAA,
				0B6136ACCE9FC0A6D54BEADF,
				1E9A5B429DF11672DB8C4AB9,
				AD8FA7C4DCCD9D04F53CB2CB,
				1B55E4991F5A1D61327CEBF0,
				20AF0E2A4F81A965884AFEA8,
				065AFC7F7ED5C886DDC27024,
				02D99964BC24E878BA441668,
				FEC83312C78BBA3DC6933C7F,
				2D94255A0E368014B9EF4837,
				25F56C42F94E6058733B8884,
				5CAEF4445E7E096D15772998,
				245FDA8AA792F9D522721218,
				C70726AC00F188E91ACB722B,
			);
			runOnlyForDeploymentPostprocessing = 0;
		};
		7BCE94EEE17B2F9A6579D715 = {
			isa = PBXSourcesBuildPhase;
			buildActionMask = 2147483647;
			files = (
				E16E79F8576D739654424945,
			);
			runOnlyForDeploymentPostprocessing = 0;
		};
/* End PBXSourcesBuildPhase section */

/* Begin PBXTargetDependency section */
		364981C48A9672AFF85C9C37 = {
			isa = PBXTargetDependency;
			target = 1A1E23AB4703FFF941EAD79F;
		};
		408A54D642CE440FFE40573F = {
			isa = PBXTargetDependency;
			target = 0BB2727FE9B3D8BD654075BD;
		};
		76B3F99AB0C34B3D51B27D21 = {
			isa = PBXTargetDependency;
			target = 1A1E23AB4703FFF941EAD79F;
		};
		8E166A5015F2A10E9420EE71 = {
			isa = PBXTargetDependency;
			target = 1A1E23AB4703FFF941EAD79F;
		};
		914A4EF9E83937AD0D830A5E = {
			isa = PBXTargetDependency;
			target = AB6C89C763145B77AE980F0B;
		};
		9519B0A5A8AA9ECA32AD25CF = {
			isa = PBXTargetDependency;
			target = 1A1E23AB4703FFF941EAD79F;
		};
		9DA7E6E24FBFAB1240361AA7 = {
			isa = PBXTargetDependency;
			target = 9BF9FDD6A04D9ED140ABF167;
		};
/* End PBXTargetDependency section */

/* Begin XCBuildConfiguration section */
		0F901CE7AD8ED7B17BB8F7D4 /* Debug */ = {
			isa = XCBuildConfiguration;
			buildSettings = {
				CLANG_CXX_LANGUAGE_STANDARD = "c++17";
				CLANG_CXX_LIBRARY = "libc++";
				CLANG_LINK_OBJC_RUNTIME = NO;
				COMBINE_HIDPI_IMAGES = YES;
				CONFIGURATION_BUILD_DIR = "$(PROJECT_DIR)/build/$(CONFIGURATION)";
				COPY_PHASE_STRIP = NO;
				DEPLOYMENT_LOCATION = YES;
				DSTROOT = /;
				EXCLUDED_ARCHS = "";
				GCC_DYNAMIC_NO_PIC = NO;
				GCC_OPTIMIZATION_LEVEL = 0;
				GCC_PREPROCESSOR_DEFINITIONS = (
					"_DEBUG=1",
					"DEBUG=1",
					"JUCE_DISPLAY_SPLASH_SCREEN=1",
					"JUCE_USE_DARK_SPLASH_SCREEN=1",
					"JUCE_PROJUCER_VERSION=0x70004",
					"JUCE_MODULE_AVAILABLE_ff_meters=1",
					"JUCE_MODULE_AVAILABLE_juce_audio_basics=1",
					"JUCE_MODULE_AVAILABLE_juce_audio_devices=1",
					"JUCE_MODULE_AVAILABLE_juce_audio_formats=1",
					"JUCE_MODULE_AVAILABLE_juce_audio_plugin_client=1",
					"JUCE_MODULE_AVAILABLE_juce_audio_processors=1",
					"JUCE_MODULE_AVAILABLE_juce_audio_utils=1",
					"JUCE_MODULE_AVAILABLE_juce_core=1",
					"JUCE_MODULE_AVAILABLE_juce_data_structures=1",
					"JUCE_MODULE_AVAILABLE_juce_dsp=1",
					"JUCE_MODULE_AVAILABLE_juce_events=1",
					"JUCE_MODULE_AVAILABLE_juce_graphics=1",
					"JUCE_MODULE_AVAILABLE_juce_gui_basics=1",
					"JUCE_MODULE_AVAILABLE_juce_gui_extra=1",
					"JUCE_GLOBAL_MODULE_SETTINGS_INCLUDED=1",
					"JUCE_VST3_CAN_REPLACE_VST2=0",
					"JUCE_STRICT_REFCOUNTEDPOINTER=1",
					"JucePlugin_Build_VST=0",
					"JucePlugin_Build_VST3=0",
					"JucePlugin_Build_AU=1",
					"JucePlugin_Build_AUv3=0",
					"JucePlugin_Build_AAX=0",
					"JucePlugin_Build_Standalone=0",
					"JucePlugin_Build_Unity=0",
					"JucePlugin_Build_LV2=0",
					"JucePlugin_Enable_IAA=0",
					"JucePlugin_Enable_ARA=0",
					"JucePlugin_Name=\\\"TriumvirateBass\\\"",
					"JucePlugin_Desc=\\\"TriumvirateBass\\\"",
					"JucePlugin_Manufacturer=\\\"raffasansone\\\"",
					"JucePlugin_ManufacturerWebsite=\\\"www.raffaelesansone.com\\\"",
					"JucePlugin_ManufacturerEmail=\\\"\\\"",
					"JucePlugin_ManufacturerCode=0x5246534e",
					"JucePlugin_PluginCode=0x54525642",
					"JucePlugin_IsSynth=0",
					"JucePlugin_WantsMidiInput=0",
					"JucePlugin_ProducesMidiOutput=0",
					"JucePlugin_IsMidiEffect=0",
					"JucePlugin_EditorRequiresKeyboardFocus=0",
					"JucePlugin_Version=0.1.0",
					"JucePlugin_VersionCode=0x100",
					"JucePlugin_VersionString=\\\"0.1.0\\\"",
					"JucePlugin_VSTUniqueID=JucePlugin_PluginCode",
					"JucePlugin_VSTCategory=kPlugCategEffect",
					"JucePlugin_Vst3Category=\\\"Fx|Distortion\\\"",
					"JucePlugin_AUMainType=\\'aufx\\'",
					"JucePlugin_AUSubType=JucePlugin_PluginCode",
					"JucePlugin_AUExportPrefix=TriumvirateBassAU",
					"JucePlugin_AUExportPrefixQuoted=\\\"TriumvirateBassAU\\\"",
					"JucePlugin_AUManufacturerCode=JucePlugin_ManufacturerCode",
					"JucePlugin_CFBundleIdentifier=com.raffasansone.TriumvirateBass",
					"JucePlugin_AAXIdentifier=com.raffasansone.TriumvirateBass",
					"JucePlugin_AAXManufacturerCode=JucePlugin_ManufacturerCode",
					"JucePlugin_AAXProductId=JucePlugin_PluginCode",
					"JucePlugin_AAXCategory=0",
					"JucePlugin_AAXDisableBypass=0",
					"JucePlugin_AAXDisableMultiMono=0",
					"JucePlugin_IAAType=0x61757278",
					"JucePlugin_IAASubType=JucePlugin_PluginCode",
					"JucePlugin_IAAName=\\\"raffasansone:\\ TriumvirateBass\\\"",
					"JucePlugin_VSTNumMidiInputs=16",
					"JucePlugin_VSTNumMidiOutputs=16",
					"JucePlugin_ARAContentTypes=0",
					"JucePlugin_ARATransformationFlags=0",
					"JucePlugin_ARAFactoryID=\\\"com.raffasansone.TriumvirateBass.factory\\\"",
					"JucePlugin_ARADocumentArchiveID=\\\"com.raffasansone.TriumvirateBass.aradocumentarchive.0.1.0\\\"",
					"JucePlugin_ARACompatibleArchiveIDs=\\\"\\\"",
					"JUCE_STANDALONE_APPLICATION=JucePlugin_Build_Standalone",
					"JUCER_XCODE_MAC_F6D2F4CF=1",
					"JUCE_APP_VERSION=0.1.0",
					"JUCE_APP_VERSION_HEX=0x100",
				);
				GCC_VERSION = com.apple.compilers.llvm.clang.1_0;
				GENERATE_PKGINFO_FILE = YES;
				HEADER_SEARCH_PATHS = (
					"$(SRCROOT)/../../JUCE/modules/juce_audio_processors/format_types/VST3_SDK",
					"$(SRCROOT)/../../JuceLibraryCode",
					"$(SRCROOT)/../../submodules",
					"$(SRCROOT)/../../JUCE/modules",
					"$(SRCROOT)/../../JUCE/modules/juce_audio_plugin_client/AU",
					"$(inherited)",
				);
				INFOPLIST_FILE = Info-AU.plist;
				INFOPLIST_PREPROCESS = NO;
				INSTALL_PATH = "$(HOME)/Library/Audio/Plug-Ins/Components/";
				LIBRARY_STYLE = Bundle;
				MACOSX_DEPLOYMENT_TARGET = 10.13;
				MTL_HEADER_SEARCH_PATHS = "$(SRCROOT)/../../JUCE/modules/juce_audio_processors/format_types/VST3_SDK $(SRCROOT)/../../JuceLibraryCode $(SRCROOT)/../../submodules $(SRCROOT)/../../JUCE/modules $(SRCROOT)/../../JUCE/modules/juce_audio_plugin_client/AU";
				OTHER_LDFLAGS = "-bundle -lTriumvirateBass -weak_framework Metal -weak_framework MetalKit";
				OTHER_REZFLAGS = "-d ppc_$ppc -d i386_$i386 -d ppc64_$ppc64 -d x86_64_$x86_64 -d arm64_$arm64 -I /System/Library/Frameworks/CoreServices.framework/Frameworks/CarbonCore.framework/Versions/A/Headers -I \"$(DEVELOPER_DIR)/Extras/CoreAudio/AudioUnits/AUPublic/AUBase\" -I \"$(DEVELOPER_DIR)/Platforms/MacOSX.platform/Developer/SDKs/MacOSX.sdk/System/Library/Frameworks/AudioUnit.framework/Headers\"";
				PRODUCT_BUNDLE_IDENTIFIER = com.raffasansone.TriumvirateBass;
				PRODUCT_NAME = "TriumvirateBass";
				USE_HEADERMAP = NO;
				VALID_ARCHS = "i386 x86_64 arm64 arm64e";
				WRAPPER_EXTENSION = component;
			};
			name = Debug;
		};
		39CCE4155983A95517C259D5 /* Debug */ = {
			isa = XCBuildConfiguration;
			buildSettings = {
				CLANG_CXX_LANGUAGE_STANDARD = "c++17";
				CLANG_CXX_LIBRARY = "libc++";
				CLANG_LINK_OBJC_RUNTIME = NO;
				COMBINE_HIDPI_IMAGES = YES;
				CONFIGURATION_BUILD_DIR = "$(PROJECT_DIR)/build/$(CONFIGURATION)";
				COPY_PHASE_STRIP = NO;
				EXCLUDED_ARCHS = "";
				GCC_DYNAMIC_NO_PIC = NO;
				GCC_OPTIMIZATION_LEVEL = 0;
				GCC_PREPROCESSOR_DEFINITIONS = (
					"_DEBUG=1",
					"DEBUG=1",
					"JUCE_DISPLAY_SPLASH_SCREEN=1",
					"JUCE_USE_DARK_SPLASH_SCREEN=1",
					"JUCE_PROJUCER_VERSION=0x70004",
					"JUCE_MODULE_AVAILABLE_ff_meters=1",
					"JUCE_MODULE_AVAILABLE_juce_audio_basics=1",
					"JUCE_MODULE_AVAILABLE_juce_audio_devices=1",
					"JUCE_MODULE_AVAILABLE_juce_audio_formats=1",
					"JUCE_MODULE_AVAILABLE_juce_audio_plugin_client=1",
					"JUCE_MODULE_AVAILABLE_juce_audio_processors=1",
					"JUCE_MODULE_AVAILABLE_juce_audio_utils=1",
					"JUCE_MODULE_AVAILABLE_juce_core=1",
					"JUCE_MODULE_AVAILABLE_juce_data_structures=1",
					"JUCE_MODULE_AVAILABLE_juce_dsp=1",
					"JUCE_MODULE_AVAILABLE_juce_events=1",
					"JUCE_MODULE_AVAILABLE_juce_graphics=1",
					"JUCE_MODULE_AVAILABLE_juce_gui_basics=1",
					"JUCE_MODULE_AVAILABLE_juce_gui_extra=1",
					"JUCE_GLOBAL_MODULE_SETTINGS_INCLUDED=1",
					"JUCE_VST3_CAN_REPLACE_VST2=0",
					"JUCE_STRICT_REFCOUNTEDPOINTER=1",
					"JucePlugin_Build_VST=0",
					"JucePlugin_Build_VST3=0",
					"JucePlugin_Build_AU=0",
					"JucePlugin_Build_AUv3=0",
					"JucePlugin_Build_AAX=0",
					"JucePlugin_Build_Standalone=1",
					"JucePlugin_Build_Unity=0",
					"JucePlugin_Build_LV2=0",
					"JucePlugin_Enable_IAA=0",
					"JucePlugin_Enable_ARA=0",
					"JucePlugin_Name=\\\"TriumvirateBass\\\"",
					"JucePlugin_Desc=\\\"TriumvirateBass\\\"",
					"JucePlugin_Manufacturer=\\\"raffasansone\\\"",
					"JucePlugin_ManufacturerWebsite=\\\"www.raffaelesansone.com\\\"",
					"JucePlugin_ManufacturerEmail=\\\"\\\"",
					"JucePlugin_ManufacturerCode=0x5246534e",
					"JucePlugin_PluginCode=0x54525642",
					"JucePlugin_IsSynth=0",
					"JucePlugin_WantsMidiInput=0",
					"JucePlugin_ProducesMidiOutput=0",
					"JucePlugin_IsMidiEffect=0",
					"JucePlugin_EditorRequiresKeyboardFocus=0",
					"JucePlugin_Version=0.1.0",
					"JucePlugin_VersionCode=0x100",
					"JucePlugin_VersionString=\\\"0.1.0\\\"",
					"JucePlugin_VSTUniqueID=JucePlugin_PluginCode",
					"JucePlugin_VSTCategory=kPlugCategEffect",
					"JucePlugin_Vst3Category=\\\"Fx|Distortion\\\"",
					"JucePlugin_AUMainType=\\'aufx\\'",
					"JucePlugin_AUSubType=JucePlugin_PluginCode",
					"JucePlugin_AUExportPrefix=TriumvirateBassAU",
					"JucePlugin_AUExportPrefixQuoted=\\\"TriumvirateBassAU\\\"",
					"JucePlugin_AUManufacturerCode=JucePlugin_ManufacturerCode",
					"JucePlugin_CFBundleIdentifier=com.raffasansone.TriumvirateBass",
					"JucePlugin_AAXIdentifier=com.raffasansone.TriumvirateBass",
					"JucePlugin_AAXManufacturerCode=JucePlugin_ManufacturerCode",
					"JucePlugin_AAXProductId=JucePlugin_PluginCode",
					"JucePlugin_AAXCategory=0",
					"JucePlugin_AAXDisableBypass=0",
					"JucePlugin_AAXDisableMultiMono=0",
					"JucePlugin_IAAType=0x61757278",
					"JucePlugin_IAASubType=JucePlugin_PluginCode",
					"JucePlugin_IAAName=\\\"raffasansone:\\ TriumvirateBass\\\"",
					"JucePlugin_VSTNumMidiInputs=16",
					"JucePlugin_VSTNumMidiOutputs=16",
					"JucePlugin_ARAContentTypes=0",
					"JucePlugin_ARATransformationFlags=0",
					"JucePlugin_ARAFactoryID=\\\"com.raffasansone.TriumvirateBass.factory\\\"",
					"JucePlugin_ARADocumentArchiveID=\\\"com.raffasansone.TriumvirateBass.aradocumentarchive.0.1.0\\\"",
					"JucePlugin_ARACompatibleArchiveIDs=\\\"\\\"",
					"JUCE_STANDALONE_APPLICATION=JucePlugin_Build_Standalone",
					"JUCER_XCODE_MAC_F6D2F4CF=1",
					"JUCE_APP_VERSION=0.1.0",
					"JUCE_APP_VERSION_HEX=0x100",
				);
				GCC_VERSION = com.apple.compilers.llvm.clang.1_0;
				HEADER_SEARCH_PATHS = (
					"$(SRCROOT)/../../JUCE/modules/juce_audio_processors/format_types/VST3_SDK",
					"$(SRCROOT)/../../JuceLibraryCode",
					"$(SRCROOT)/../../submodules",
					"$(SRCROOT)/../../JUCE/modules",
					"$(SRCROOT)/../../JUCE/modules/juce_audio_plugin_client/AU",
					"$(inherited)",
				);
				INFOPLIST_FILE = Info-Standalone_Plugin.plist;
				INFOPLIST_PREPROCESS = NO;
				MACOSX_DEPLOYMENT_TARGET = 10.13;
				MTL_HEADER_SEARCH_PATHS = "$(SRCROOT)/../../JUCE/modules/juce_audio_processors/format_types/VST3_SDK $(SRCROOT)/../../JuceLibraryCode $(SRCROOT)/../../submodules $(SRCROOT)/../../JUCE/modules $(SRCROOT)/../../JUCE/modules/juce_audio_plugin_client/AU";
				OTHER_LDFLAGS = "-lTriumvirateBass -weak_framework Metal -weak_framework MetalKit";
				PRODUCT_BUNDLE_IDENTIFIER = com.raffasansone.TriumvirateBass;
				PRODUCT_NAME = "TriumvirateBass";
				USE_HEADERMAP = NO;
				VALID_ARCHS = "i386 x86_64 arm64 arm64e";
			};
			name = Debug;
		};
		4760126F4526AE49099D2518 /* Release */ = {
			isa = XCBuildConfiguration;
			buildSettings = {
				CLANG_CXX_LANGUAGE_STANDARD = "c++17";
				CLANG_CXX_LIBRARY = "libc++";
				CLANG_LINK_OBJC_RUNTIME = NO;
				COMBINE_HIDPI_IMAGES = YES;
				CONFIGURATION_BUILD_DIR = "$(PROJECT_DIR)/build/$(CONFIGURATION)";
				DEAD_CODE_STRIPPING = YES;
				EXCLUDED_ARCHS = "";
				GCC_GENERATE_DEBUGGING_SYMBOLS = NO;
				GCC_OPTIMIZATION_LEVEL = 3;
				GCC_PREPROCESSOR_DEFINITIONS = (
					"_NDEBUG=1",
					"NDEBUG=1",
					"JUCE_DISPLAY_SPLASH_SCREEN=1",
					"JUCE_USE_DARK_SPLASH_SCREEN=1",
					"JUCE_PROJUCER_VERSION=0x70004",
					"JUCE_MODULE_AVAILABLE_ff_meters=1",
					"JUCE_MODULE_AVAILABLE_juce_audio_basics=1",
					"JUCE_MODULE_AVAILABLE_juce_audio_devices=1",
					"JUCE_MODULE_AVAILABLE_juce_audio_formats=1",
					"JUCE_MODULE_AVAILABLE_juce_audio_plugin_client=1",
					"JUCE_MODULE_AVAILABLE_juce_audio_processors=1",
					"JUCE_MODULE_AVAILABLE_juce_audio_utils=1",
					"JUCE_MODULE_AVAILABLE_juce_core=1",
					"JUCE_MODULE_AVAILABLE_juce_data_structures=1",
					"JUCE_MODULE_AVAILABLE_juce_dsp=1",
					"JUCE_MODULE_AVAILABLE_juce_events=1",
					"JUCE_MODULE_AVAILABLE_juce_graphics=1",
					"JUCE_MODULE_AVAILABLE_juce_gui_basics=1",
					"JUCE_MODULE_AVAILABLE_juce_gui_extra=1",
					"JUCE_GLOBAL_MODULE_SETTINGS_INCLUDED=1",
					"JUCE_VST3_CAN_REPLACE_VST2=0",
					"JUCE_STRICT_REFCOUNTEDPOINTER=1",
					"JucePlugin_Build_VST=0",
					"JucePlugin_Build_VST3=1",
					"JucePlugin_Build_AU=1",
					"JucePlugin_Build_AUv3=0",
					"JucePlugin_Build_AAX=0",
					"JucePlugin_Build_Standalone=1",
					"JucePlugin_Build_Unity=0",
					"JucePlugin_Build_LV2=0",
					"JucePlugin_Enable_IAA=0",
					"JucePlugin_Enable_ARA=0",
					"JucePlugin_Name=\\\"TriumvirateBass\\\"",
					"JucePlugin_Desc=\\\"TriumvirateBass\\\"",
					"JucePlugin_Manufacturer=\\\"raffasansone\\\"",
					"JucePlugin_ManufacturerWebsite=\\\"www.raffaelesansone.com\\\"",
					"JucePlugin_ManufacturerEmail=\\\"\\\"",
					"JucePlugin_ManufacturerCode=0x5246534e",
					"JucePlugin_PluginCode=0x54525642",
					"JucePlugin_IsSynth=0",
					"JucePlugin_WantsMidiInput=0",
					"JucePlugin_ProducesMidiOutput=0",
					"JucePlugin_IsMidiEffect=0",
					"JucePlugin_EditorRequiresKeyboardFocus=0",
					"JucePlugin_Version=0.1.0",
					"JucePlugin_VersionCode=0x100",
					"JucePlugin_VersionString=\\\"0.1.0\\\"",
					"JucePlugin_VSTUniqueID=JucePlugin_PluginCode",
					"JucePlugin_VSTCategory=kPlugCategEffect",
					"JucePlugin_Vst3Category=\\\"Fx|Distortion\\\"",
					"JucePlugin_AUMainType=\\'aufx\\'",
					"JucePlugin_AUSubType=JucePlugin_PluginCode",
					"JucePlugin_AUExportPrefix=TriumvirateBassAU",
					"JucePlugin_AUExportPrefixQuoted=\\\"TriumvirateBassAU\\\"",
					"JucePlugin_AUManufacturerCode=JucePlugin_ManufacturerCode",
					"JucePlugin_CFBundleIdentifier=com.raffasansone.TriumvirateBass",
					"JucePlugin_AAXIdentifier=com.raffasansone.TriumvirateBass",
					"JucePlugin_AAXManufacturerCode=JucePlugin_ManufacturerCode",
					"JucePlugin_AAXProductId=JucePlugin_PluginCode",
					"JucePlugin_AAXCategory=0",
					"JucePlugin_AAXDisableBypass=0",
					"JucePlugin_AAXDisableMultiMono=0",
					"JucePlugin_IAAType=0x61757278",
					"JucePlugin_IAASubType=JucePlugin_PluginCode",
					"JucePlugin_IAAName=\\\"raffasansone:\\ TriumvirateBass\\\"",
					"JucePlugin_VSTNumMidiInputs=16",
					"JucePlugin_VSTNumMidiOutputs=16",
					"JucePlugin_ARAContentTypes=0",
					"JucePlugin_ARATransformationFlags=0",
					"JucePlugin_ARAFactoryID=\\\"com.raffasansone.TriumvirateBass.factory\\\"",
					"JucePlugin_ARADocumentArchiveID=\\\"com.raffasansone.TriumvirateBass.aradocumentarchive.0.1.0\\\"",
					"JucePlugin_ARACompatibleArchiveIDs=\\\"\\\"",
					"JUCE_STANDALONE_APPLICATION=JucePlugin_Build_Standalone",
					"JUCER_XCODE_MAC_F6D2F4CF=1",
					"JUCE_APP_VERSION=0.1.0",
					"JUCE_APP_VERSION_HEX=0x100",
					"JUCE_SHARED_CODE=1",
				);
				GCC_VERSION = com.apple.compilers.llvm.clang.1_0;
				HEADER_SEARCH_PATHS = (
					"$(SRCROOT)/../../JUCE/modules/juce_audio_processors/format_types/VST3_SDK",
					"$(SRCROOT)/../../JuceLibraryCode",
					"$(SRCROOT)/../../submodules",
					"$(SRCROOT)/../../JUCE/modules",
					"$(SRCROOT)/../../JUCE/modules/juce_audio_plugin_client/AU",
					"$(inherited)",
				);
				INSTALL_PATH = "@executable_path/../Frameworks";
				LLVM_LTO = YES;
				MACOSX_DEPLOYMENT_TARGET = 10.13;
				MTL_HEADER_SEARCH_PATHS = "$(SRCROOT)/../../JUCE/modules/juce_audio_processors/format_types/VST3_SDK $(SRCROOT)/../../JuceLibraryCode $(SRCROOT)/../../submodules $(SRCROOT)/../../JUCE/modules $(SRCROOT)/../../JUCE/modules/juce_audio_plugin_client/AU";
				OTHER_LDFLAGS = "-weak_framework Metal -weak_framework MetalKit";
				PRODUCT_BUNDLE_IDENTIFIER = com.raffasansone.TriumvirateBass;
				PRODUCT_NAME = "TriumvirateBass";
				SKIP_INSTALL = YES;
				USE_HEADERMAP = NO;
				VALID_ARCHS = "i386 x86_64 arm64 arm64e";
			};
			name = Release;
		};
		61ECA08F42ECDA44F1EDFCDD /* Release */ = {
			isa = XCBuildConfiguration;
			buildSettings = {
				ALWAYS_SEARCH_USER_PATHS = NO;
				CLANG_ENABLE_OBJC_WEAK = YES;
				CLANG_WARN_BLOCK_CAPTURE_AUTORELEASING = YES;
				CLANG_WARN_BOOL_CONVERSION = YES;
				CLANG_WARN_COMMA = YES;
				CLANG_WARN_CONSTANT_CONVERSION = YES;
				CLANG_WARN_DEPRECATED_OBJC_IMPLEMENTATIONS = YES;
				CLANG_WARN_EMPTY_BODY = YES;
				CLANG_WARN_ENUM_CONVERSION = YES;
				CLANG_WARN_INFINITE_RECURSION = YES;
				CLANG_WARN_INT_CONVERSION = YES;
				CLANG_WARN_NON_LITERAL_NULL_CONVERSION = YES;
				CLANG_WARN_OBJC_IMPLICIT_RETAIN_SELF = YES;
				CLANG_WARN_OBJC_LITERAL_CONVERSION = YES;
				CLANG_WARN_RANGE_LOOP_ANALYSIS = YES;
				CLANG_WARN_STRICT_PROTOTYPES = YES;
				CLANG_WARN_SUSPICIOUS_MOVE = YES;
				CLANG_WARN_UNREACHABLE_CODE = YES;
				CLANG_WARN__DUPLICATE_METHOD_MATCH = YES;
				DEBUG_INFORMATION_FORMAT = dwarf;
				ENABLE_STRICT_OBJC_MSGSEND = YES;
				ENABLE_TESTABILITY = NO;
				GCC_C_LANGUAGE_STANDARD = c11;
				GCC_INLINES_ARE_PRIVATE_EXTERN = YES;
				GCC_MODEL_TUNING = G5;
				GCC_NO_COMMON_BLOCKS = YES;
				GCC_SYMBOLS_PRIVATE_EXTERN = YES;
				GCC_WARN_64_TO_32_BIT_CONVERSION = YES;
				GCC_WARN_ABOUT_RETURN_TYPE = YES;
				GCC_WARN_CHECK_SWITCH_STATEMENTS = YES;
				GCC_WARN_MISSING_PARENTHESES = YES;
				GCC_WARN_NON_VIRTUAL_DESTRUCTOR = YES;
				GCC_WARN_TYPECHECK_CALLS_TO_PRINTF = YES;
				GCC_WARN_UNDECLARED_SELECTOR = YES;
				GCC_WARN_UNINITIALIZED_AUTOS = YES;
				GCC_WARN_UNUSED_FUNCTION = YES;
				GCC_WARN_UNUSED_VARIABLE = YES;
				PRODUCT_NAME = "TriumvirateBass";
				SDKROOT = macosx;
				WARNING_CFLAGS = "-Wreorder";
				ZERO_LINK = NO;
			};
			name = Release;
		};
		64CCDD17DA3F5B0E202BC614 /* Release */ = {
			isa = XCBuildConfiguration;
			buildSettings = {
				MACOSX_DEPLOYMENT_TARGET = 10.13;
				SDKROOT = macosx;
			};
			name = Release;
		};
		6971346224FE91EEC2565471 /* Release */ = {
			isa = XCBuildConfiguration;
			buildSettings = {
				CLANG_CXX_LANGUAGE_STANDARD = "c++17";
				CLANG_CXX_LIBRARY = "libc++";
				CLANG_LINK_OBJC_RUNTIME = NO;
				COMBINE_HIDPI_IMAGES = YES;
				CONFIGURATION_BUILD_DIR = "$(PROJECT_DIR)/build/$(CONFIGURATION)";
				DEAD_CODE_STRIPPING = YES;
				DEPLOYMENT_LOCATION = YES;
				DSTROOT = /;
				EXCLUDED_ARCHS = "";
				GCC_GENERATE_DEBUGGING_SYMBOLS = NO;
				GCC_OPTIMIZATION_LEVEL = 3;
				GCC_PREPROCESSOR_DEFINITIONS = (
					"_NDEBUG=1",
					"NDEBUG=1",
					"JUCE_DISPLAY_SPLASH_SCREEN=1",
					"JUCE_USE_DARK_SPLASH_SCREEN=1",
					"JUCE_PROJUCER_VERSION=0x70004",
					"JUCE_MODULE_AVAILABLE_ff_meters=1",
					"JUCE_MODULE_AVAILABLE_juce_audio_basics=1",
					"JUCE_MODULE_AVAILABLE_juce_audio_devices=1",
					"JUCE_MODULE_AVAILABLE_juce_audio_formats=1",
					"JUCE_MODULE_AVAILABLE_juce_audio_plugin_client=1",
					"JUCE_MODULE_AVAILABLE_juce_audio_processors=1",
					"JUCE_MODULE_AVAILABLE_juce_audio_utils=1",
					"JUCE_MODULE_AVAILABLE_juce_core=1",
					"JUCE_MODULE_AVAILABLE_juce_data_structures=1",
					"JUCE_MODULE_AVAILABLE_juce_dsp=1",
					"JUCE_MODULE_AVAILABLE_juce_events=1",
					"JUCE_MODULE_AVAILABLE_juce_graphics=1",
					"JUCE_MODULE_AVAILABLE_juce_gui_basics=1",
					"JUCE_MODULE_AVAILABLE_juce_gui_extra=1",
					"JUCE_GLOBAL_MODULE_SETTINGS_INCLUDED=1",
					"JUCE_VST3_CAN_REPLACE_VST2=0",
					"JUCE_STRICT_REFCOUNTEDPOINTER=1",
					"JucePlugin_Build_VST=0",
					"JucePlugin_Build_VST3=0",
					"JucePlugin_Build_AU=1",
					"JucePlugin_Build_AUv3=0",
					"JucePlugin_Build_AAX=0",
					"JucePlugin_Build_Standalone=0",
					"JucePlugin_Build_Unity=0",
					"JucePlugin_Build_LV2=0",
					"JucePlugin_Enable_IAA=0",
					"JucePlugin_Enable_ARA=0",
					"JucePlugin_Name=\\\"TriumvirateBass\\\"",
					"JucePlugin_Desc=\\\"TriumvirateBass\\\"",
					"JucePlugin_Manufacturer=\\\"raffasansone\\\"",
					"JucePlugin_ManufacturerWebsite=\\\"www.raffaelesansone.com\\\"",
					"JucePlugin_ManufacturerEmail=\\\"\\\"",
					"JucePlugin_ManufacturerCode=0x5246534e",
					"JucePlugin_PluginCode=0x54525642",
					"JucePlugin_IsSynth=0",
					"JucePlugin_WantsMidiInput=0",
					"JucePlugin_ProducesMidiOutput=0",
					"JucePlugin_IsMidiEffect=0",
					"JucePlugin_EditorRequiresKeyboardFocus=0",
					"JucePlugin_Version=0.1.0",
					"JucePlugin_VersionCode=0x100",
					"JucePlugin_VersionString=\\\"0.1.0\\\"",
					"JucePlugin_VSTUniqueID=JucePlugin_PluginCode",
					"JucePlugin_VSTCategory=kPlugCategEffect",
					"JucePlugin_Vst3Category=\\\"Fx|Distortion\\\"",
					"JucePlugin_AUMainType=\\'aufx\\'",
					"JucePlugin_AUSubType=JucePlugin_PluginCode",
					"JucePlugin_AUExportPrefix=TriumvirateBassAU",
					"JucePlugin_AUExportPrefixQuoted=\\\"TriumvirateBassAU\\\"",
					"JucePlugin_AUManufacturerCode=JucePlugin_ManufacturerCode",
					"JucePlugin_CFBundleIdentifier=com.raffasansone.TriumvirateBass",
					"JucePlugin_AAXIdentifier=com.raffasansone.TriumvirateBass",
					"JucePlugin_AAXManufacturerCode=JucePlugin_ManufacturerCode",
					"JucePlugin_AAXProductId=JucePlugin_PluginCode",
					"JucePlugin_AAXCategory=0",
					"JucePlugin_AAXDisableBypass=0",
					"JucePlugin_AAXDisableMultiMono=0",
					"JucePlugin_IAAType=0x61757278",
					"JucePlugin_IAASubType=JucePlugin_PluginCode",
					"JucePlugin_IAAName=\\\"raffasansone:\\ TriumvirateBass\\\"",
					"JucePlugin_VSTNumMidiInputs=16",
					"JucePlugin_VSTNumMidiOutputs=16",
					"JucePlugin_ARAContentTypes=0",
					"JucePlugin_ARATransformationFlags=0",
					"JucePlugin_ARAFactoryID=\\\"com.raffasansone.TriumvirateBass.factory\\\"",
					"JucePlugin_ARADocumentArchiveID=\\\"com.raffasansone.TriumvirateBass.aradocumentarchive.0.1.0\\\"",
					"JucePlugin_ARACompatibleArchiveIDs=\\\"\\\"",
					"JUCE_STANDALONE_APPLICATION=JucePlugin_Build_Standalone",
					"JUCER_XCODE_MAC_F6D2F4CF=1",
					"JUCE_APP_VERSION=0.1.0",
					"JUCE_APP_VERSION_HEX=0x100",
				);
				GCC_VERSION = com.apple.compilers.llvm.clang.1_0;
				GENERATE_PKGINFO_FILE = YES;
				HEADER_SEARCH_PATHS = (
					"$(SRCROOT)/../../JUCE/modules/juce_audio_processors/format_types/VST3_SDK",
					"$(SRCROOT)/../../JuceLibraryCode",
					"$(SRCROOT)/../../submodules",
					"$(SRCROOT)/../../JUCE/modules",
					"$(SRCROOT)/../../JUCE/modules/juce_audio_plugin_client/AU",
					"$(inherited)",
				);
				INFOPLIST_FILE = Info-AU.plist;
				INFOPLIST_PREPROCESS = NO;
				INSTALL_PATH = "$(HOME)/Library/Audio/Plug-Ins/Components/";
				LIBRARY_STYLE = Bundle;
				LLVM_LTO = YES;
				MACOSX_DEPLOYMENT_TARGET = 10.13;
				MTL_HEADER_SEARCH_PATHS = "$(SRCROOT)/../../JUCE/modules/juce_audio_processors/format_types/VST3_SDK $(SRCROOT)/../../JuceLibraryCode $(SRCROOT)/../../submodules $(SRCROOT)/../../JUCE/modules $(SRCROOT)/../../JUCE/modules/juce_audio_plugin_client/AU";
				OTHER_LDFLAGS = "-bundle -lTriumvirateBass -weak_framework Metal -weak_framework MetalKit";
				OTHER_REZFLAGS = "-d ppc_$ppc -d i386_$i386 -d ppc64_$ppc64 -d x86_64_$x86_64 -d arm64_$arm64 -I /System/Library/Frameworks/CoreServices.framework/Frameworks/CarbonCore.framework/Versions/A/Headers -I \"$(DEVELOPER_DIR)/Extras/CoreAudio/AudioUnits/AUPublic/AUBase\" -I \"$(DEVELOPER_DIR)/Platforms/MacOSX.platform/Developer/SDKs/MacOSX.sdk/System/Library/Frameworks/AudioUnit.framework/Headers\"";
				PRODUCT_BUNDLE_IDENTIFIER = com.raffasansone.TriumvirateBass;
				PRODUCT_NAME = "TriumvirateBass";
				USE_HEADERMAP = NO;
				VALID_ARCHS = "i386 x86_64 arm64 arm64e";
				WRAPPER_EXTENSION = component;
			};
			name = Release;
		};
		8AE37A41A2A73095ED32F174 /* Release */ = {
			isa = XCBuildConfiguration;
			buildSettings = {
				CLANG_CXX_LANGUAGE_STANDARD = "c++17";
				CLANG_CXX_LIBRARY = "libc++";
				CLANG_LINK_OBJC_RUNTIME = NO;
				COMBINE_HIDPI_IMAGES = YES;
				CONFIGURATION_BUILD_DIR = "$(PROJECT_DIR)/build/$(CONFIGURATION)";
				DEAD_CODE_STRIPPING = YES;
				DEPLOYMENT_LOCATION = YES;
				DSTROOT = /;
				EXCLUDED_ARCHS = "";
				GCC_GENERATE_DEBUGGING_SYMBOLS = NO;
				GCC_OPTIMIZATION_LEVEL = 3;
				GCC_PREPROCESSOR_DEFINITIONS = (
					"_NDEBUG=1",
					"NDEBUG=1",
					"JUCE_DISPLAY_SPLASH_SCREEN=1",
					"JUCE_USE_DARK_SPLASH_SCREEN=1",
					"JUCE_PROJUCER_VERSION=0x70004",
					"JUCE_MODULE_AVAILABLE_ff_meters=1",
					"JUCE_MODULE_AVAILABLE_juce_audio_basics=1",
					"JUCE_MODULE_AVAILABLE_juce_audio_devices=1",
					"JUCE_MODULE_AVAILABLE_juce_audio_formats=1",
					"JUCE_MODULE_AVAILABLE_juce_audio_plugin_client=1",
					"JUCE_MODULE_AVAILABLE_juce_audio_processors=1",
					"JUCE_MODULE_AVAILABLE_juce_audio_utils=1",
					"JUCE_MODULE_AVAILABLE_juce_core=1",
					"JUCE_MODULE_AVAILABLE_juce_data_structures=1",
					"JUCE_MODULE_AVAILABLE_juce_dsp=1",
					"JUCE_MODULE_AVAILABLE_juce_events=1",
					"JUCE_MODULE_AVAILABLE_juce_graphics=1",
					"JUCE_MODULE_AVAILABLE_juce_gui_basics=1",
					"JUCE_MODULE_AVAILABLE_juce_gui_extra=1",
					"JUCE_GLOBAL_MODULE_SETTINGS_INCLUDED=1",
					"JUCE_VST3_CAN_REPLACE_VST2=0",
					"JUCE_STRICT_REFCOUNTEDPOINTER=1",
					"JucePlugin_Build_VST=0",
					"JucePlugin_Build_VST3=1",
					"JucePlugin_Build_AU=0",
					"JucePlugin_Build_AUv3=0",
					"JucePlugin_Build_AAX=0",
					"JucePlugin_Build_Standalone=0",
					"JucePlugin_Build_Unity=0",
					"JucePlugin_Build_LV2=0",
					"JucePlugin_Enable_IAA=0",
					"JucePlugin_Enable_ARA=0",
					"JucePlugin_Name=\\\"TriumvirateBass\\\"",
					"JucePlugin_Desc=\\\"TriumvirateBass\\\"",
					"JucePlugin_Manufacturer=\\\"raffasansone\\\"",
					"JucePlugin_ManufacturerWebsite=\\\"www.raffaelesansone.com\\\"",
					"JucePlugin_ManufacturerEmail=\\\"\\\"",
					"JucePlugin_ManufacturerCode=0x5246534e",
					"JucePlugin_PluginCode=0x54525642",
					"JucePlugin_IsSynth=0",
					"JucePlugin_WantsMidiInput=0",
					"JucePlugin_ProducesMidiOutput=0",
					"JucePlugin_IsMidiEffect=0",
					"JucePlugin_EditorRequiresKeyboardFocus=0",
					"JucePlugin_Version=0.1.0",
					"JucePlugin_VersionCode=0x100",
					"JucePlugin_VersionString=\\\"0.1.0\\\"",
					"JucePlugin_VSTUniqueID=JucePlugin_PluginCode",
					"JucePlugin_VSTCategory=kPlugCategEffect",
					"JucePlugin_Vst3Category=\\\"Fx|Distortion\\\"",
					"JucePlugin_AUMainType=\\'aufx\\'",
					"JucePlugin_AUSubType=JucePlugin_PluginCode",
					"JucePlugin_AUExportPrefix=TriumvirateBassAU",
					"JucePlugin_AUExportPrefixQuoted=\\\"TriumvirateBassAU\\\"",
					"JucePlugin_AUManufacturerCode=JucePlugin_ManufacturerCode",
					"JucePlugin_CFBundleIdentifier=com.raffasansone.TriumvirateBass",
					"JucePlugin_AAXIdentifier=com.raffasansone.TriumvirateBass",
					"JucePlugin_AAXManufacturerCode=JucePlugin_ManufacturerCode",
					"JucePlugin_AAXProductId=JucePlugin_PluginCode",
					"JucePlugin_AAXCategory=0",
					"JucePlugin_AAXDisableBypass=0",
					"JucePlugin_AAXDisableMultiMono=0",
					"JucePlugin_IAAType=0x61757278",
					"JucePlugin_IAASubType=JucePlugin_PluginCode",
					"JucePlugin_IAAName=\\\"raffasansone:\\ TriumvirateBass\\\"",
					"JucePlugin_VSTNumMidiInputs=16",
					"JucePlugin_VSTNumMidiOutputs=16",
					"JucePlugin_ARAContentTypes=0",
					"JucePlugin_ARATransformationFlags=0",
					"JucePlugin_ARAFactoryID=\\\"com.raffasansone.TriumvirateBass.factory\\\"",
					"JucePlugin_ARADocumentArchiveID=\\\"com.raffasansone.TriumvirateBass.aradocumentarchive.0.1.0\\\"",
					"JucePlugin_ARACompatibleArchiveIDs=\\\"\\\"",
					"JUCE_STANDALONE_APPLICATION=JucePlugin_Build_Standalone",
					"JUCER_XCODE_MAC_F6D2F4CF=1",
					"JUCE_APP_VERSION=0.1.0",
					"JUCE_APP_VERSION_HEX=0x100",
				);
				GCC_VERSION = com.apple.compilers.llvm.clang.1_0;
				GENERATE_PKGINFO_FILE = YES;
				HEADER_SEARCH_PATHS = (
					"$(SRCROOT)/../../JUCE/modules/juce_audio_processors/format_types/VST3_SDK",
					"$(SRCROOT)/../../JuceLibraryCode",
					"$(SRCROOT)/../../submodules",
					"$(SRCROOT)/../../JUCE/modules",
					"$(SRCROOT)/../../JUCE/modules/juce_audio_plugin_client/AU",
					"$(inherited)",
				);
				INFOPLIST_FILE = Info-VST3.plist;
				INFOPLIST_PREPROCESS = NO;
				INSTALL_PATH = "$(HOME)/Library/Audio/Plug-Ins/VST3/";
				LIBRARY_STYLE = Bundle;
				LLVM_LTO = YES;
				MACOSX_DEPLOYMENT_TARGET = 10.13;
				MTL_HEADER_SEARCH_PATHS = "$(SRCROOT)/../../JUCE/modules/juce_audio_processors/format_types/VST3_SDK $(SRCROOT)/../../JuceLibraryCode $(SRCROOT)/../../submodules $(SRCROOT)/../../JUCE/modules $(SRCROOT)/../../JUCE/modules/juce_audio_plugin_client/AU";
				OTHER_LDFLAGS = "-bundle -lTriumvirateBass -weak_framework Metal -weak_framework MetalKit";
				PRODUCT_BUNDLE_IDENTIFIER = com.raffasansone.TriumvirateBass;
				PRODUCT_NAME = "TriumvirateBass";
				USE_HEADERMAP = NO;
				VALID_ARCHS = "i386 x86_64 arm64 arm64e";
				WRAPPER_EXTENSION = vst3;
			};
			name = Release;
		};
		A950EA7F1CB0CBFACC0FBF5C /* Debug */ = {
			isa = XCBuildConfiguration;
			buildSettings = {
				MACOSX_DEPLOYMENT_TARGET = 10.13;
				SDKROOT = macosx;
			};
			name = Debug;
		};
		AF2A17C106F4C937F1FDA704 /* Debug */ = {
			isa = XCBuildConfiguration;
			buildSettings = {
				ALWAYS_SEARCH_USER_PATHS = NO;
				CLANG_ENABLE_OBJC_WEAK = YES;
				CLANG_WARN_BLOCK_CAPTURE_AUTORELEASING = YES;
				CLANG_WARN_BOOL_CONVERSION = YES;
				CLANG_WARN_COMMA = YES;
				CLANG_WARN_CONSTANT_CONVERSION = YES;
				CLANG_WARN_DEPRECATED_OBJC_IMPLEMENTATIONS = YES;
				CLANG_WARN_EMPTY_BODY = YES;
				CLANG_WARN_ENUM_CONVERSION = YES;
				CLANG_WARN_INFINITE_RECURSION = YES;
				CLANG_WARN_INT_CONVERSION = YES;
				CLANG_WARN_NON_LITERAL_NULL_CONVERSION = YES;
				CLANG_WARN_OBJC_IMPLICIT_RETAIN_SELF = YES;
				CLANG_WARN_OBJC_LITERAL_CONVERSION = YES;
				CLANG_WARN_RANGE_LOOP_ANALYSIS = YES;
				CLANG_WARN_STRICT_PROTOTYPES = YES;
				CLANG_WARN_SUSPICIOUS_MOVE = YES;
				CLANG_WARN_UNREACHABLE_CODE = YES;
				CLANG_WARN__DUPLICATE_METHOD_MATCH = YES;
				DEBUG_INFORMATION_FORMAT = dwarf;
				ENABLE_STRICT_OBJC_MSGSEND = YES;
				ENABLE_TESTABILITY = NO;
				GCC_C_LANGUAGE_STANDARD = c11;
				GCC_INLINES_ARE_PRIVATE_EXTERN = YES;
				GCC_MODEL_TUNING = G5;
				GCC_NO_COMMON_BLOCKS = YES;
				GCC_SYMBOLS_PRIVATE_EXTERN = YES;
				GCC_WARN_64_TO_32_BIT_CONVERSION = YES;
				GCC_WARN_ABOUT_RETURN_TYPE = YES;
				GCC_WARN_CHECK_SWITCH_STATEMENTS = YES;
				GCC_WARN_MISSING_PARENTHESES = YES;
				GCC_WARN_NON_VIRTUAL_DESTRUCTOR = YES;
				GCC_WARN_TYPECHECK_CALLS_TO_PRINTF = YES;
				GCC_WARN_UNDECLARED_SELECTOR = YES;
				GCC_WARN_UNINITIALIZED_AUTOS = YES;
				GCC_WARN_UNUSED_FUNCTION = YES;
				GCC_WARN_UNUSED_VARIABLE = YES;
				ONLY_ACTIVE_ARCH = YES;
				PRODUCT_NAME = "TriumvirateBass";
				SDKROOT = macosx;
				WARNING_CFLAGS = "-Wreorder";
				ZERO_LINK = NO;
			};
			name = Debug;
		};
		CBC4B4AF141C080055931E61 /* Release */ = {
			isa = XCBuildConfiguration;
			buildSettings = {
				CLANG_CXX_LANGUAGE_STANDARD = "c++17";
				CLANG_CXX_LIBRARY = "libc++";
				CLANG_LINK_OBJC_RUNTIME = NO;
				COMBINE_HIDPI_IMAGES = YES;
				CONFIGURATION_BUILD_DIR = "$(PROJECT_DIR)/build/$(CONFIGURATION)";
				DEAD_CODE_STRIPPING = YES;
				EXCLUDED_ARCHS = "";
				GCC_GENERATE_DEBUGGING_SYMBOLS = NO;
				GCC_OPTIMIZATION_LEVEL = 3;
				GCC_PREPROCESSOR_DEFINITIONS = (
					"_NDEBUG=1",
					"NDEBUG=1",
					"JUCE_DISPLAY_SPLASH_SCREEN=1",
					"JUCE_USE_DARK_SPLASH_SCREEN=1",
					"JUCE_PROJUCER_VERSION=0x70004",
					"JUCE_MODULE_AVAILABLE_ff_meters=1",
					"JUCE_MODULE_AVAILABLE_juce_audio_basics=1",
					"JUCE_MODULE_AVAILABLE_juce_audio_devices=1",
					"JUCE_MODULE_AVAILABLE_juce_audio_formats=1",
					"JUCE_MODULE_AVAILABLE_juce_audio_plugin_client=1",
					"JUCE_MODULE_AVAILABLE_juce_audio_processors=1",
					"JUCE_MODULE_AVAILABLE_juce_audio_utils=1",
					"JUCE_MODULE_AVAILABLE_juce_core=1",
					"JUCE_MODULE_AVAILABLE_juce_data_structures=1",
					"JUCE_MODULE_AVAILABLE_juce_dsp=1",
					"JUCE_MODULE_AVAILABLE_juce_events=1",
					"JUCE_MODULE_AVAILABLE_juce_graphics=1",
					"JUCE_MODULE_AVAILABLE_juce_gui_basics=1",
					"JUCE_MODULE_AVAILABLE_juce_gui_extra=1",
					"JUCE_GLOBAL_MODULE_SETTINGS_INCLUDED=1",
					"JUCE_VST3_CAN_REPLACE_VST2=0",
					"JUCE_STRICT_REFCOUNTEDPOINTER=1",
					"JucePlugin_Build_VST=0",
					"JucePlugin_Build_VST3=0",
					"JucePlugin_Build_AU=0",
					"JucePlugin_Build_AUv3=0",
					"JucePlugin_Build_AAX=0",
					"JucePlugin_Build_Standalone=1",
					"JucePlugin_Build_Unity=0",
					"JucePlugin_Build_LV2=0",
					"JucePlugin_Enable_IAA=0",
					"JucePlugin_Enable_ARA=0",
					"JucePlugin_Name=\\\"TriumvirateBass\\\"",
					"JucePlugin_Desc=\\\"TriumvirateBass\\\"",
					"JucePlugin_Manufacturer=\\\"raffasansone\\\"",
					"JucePlugin_ManufacturerWebsite=\\\"www.raffaelesansone.com\\\"",
					"JucePlugin_ManufacturerEmail=\\\"\\\"",
					"JucePlugin_ManufacturerCode=0x5246534e",
					"JucePlugin_PluginCode=0x54525642",
					"JucePlugin_IsSynth=0",
					"JucePlugin_WantsMidiInput=0",
					"JucePlugin_ProducesMidiOutput=0",
					"JucePlugin_IsMidiEffect=0",
					"JucePlugin_EditorRequiresKeyboardFocus=0",
					"JucePlugin_Version=0.1.0",
					"JucePlugin_VersionCode=0x100",
					"JucePlugin_VersionString=\\\"0.1.0\\\"",
					"JucePlugin_VSTUniqueID=JucePlugin_PluginCode",
					"JucePlugin_VSTCategory=kPlugCategEffect",
					"JucePlugin_Vst3Category=\\\"Fx|Distortion\\\"",
					"JucePlugin_AUMainType=\\'aufx\\'",
					"JucePlugin_AUSubType=JucePlugin_PluginCode",
					"JucePlugin_AUExportPrefix=TriumvirateBassAU",
					"JucePlugin_AUExportPrefixQuoted=\\\"TriumvirateBassAU\\\"",
					"JucePlugin_AUManufacturerCode=JucePlugin_ManufacturerCode",
					"JucePlugin_CFBundleIdentifier=com.raffasansone.TriumvirateBass",
					"JucePlugin_AAXIdentifier=com.raffasansone.TriumvirateBass",
					"JucePlugin_AAXManufacturerCode=JucePlugin_ManufacturerCode",
					"JucePlugin_AAXProductId=JucePlugin_PluginCode",
					"JucePlugin_AAXCategory=0",
					"JucePlugin_AAXDisableBypass=0",
					"JucePlugin_AAXDisableMultiMono=0",
					"JucePlugin_IAAType=0x61757278",
					"JucePlugin_IAASubType=JucePlugin_PluginCode",
					"JucePlugin_IAAName=\\\"raffasansone:\\ TriumvirateBass\\\"",
					"JucePlugin_VSTNumMidiInputs=16",
					"JucePlugin_VSTNumMidiOutputs=16",
					"JucePlugin_ARAContentTypes=0",
					"JucePlugin_ARATransformationFlags=0",
					"JucePlugin_ARAFactoryID=\\\"com.raffasansone.TriumvirateBass.factory\\\"",
					"JucePlugin_ARADocumentArchiveID=\\\"com.raffasansone.TriumvirateBass.aradocumentarchive.0.1.0\\\"",
					"JucePlugin_ARACompatibleArchiveIDs=\\\"\\\"",
					"JUCE_STANDALONE_APPLICATION=JucePlugin_Build_Standalone",
					"JUCER_XCODE_MAC_F6D2F4CF=1",
					"JUCE_APP_VERSION=0.1.0",
					"JUCE_APP_VERSION_HEX=0x100",
				);
				GCC_VERSION = com.apple.compilers.llvm.clang.1_0;
				HEADER_SEARCH_PATHS = (
					"$(SRCROOT)/../../JUCE/modules/juce_audio_processors/format_types/VST3_SDK",
					"$(SRCROOT)/../../JuceLibraryCode",
					"$(SRCROOT)/../../submodules",
					"$(SRCROOT)/../../JUCE/modules",
					"$(SRCROOT)/../../JUCE/modules/juce_audio_plugin_client/AU",
					"$(inherited)",
				);
				INFOPLIST_FILE = Info-Standalone_Plugin.plist;
				INFOPLIST_PREPROCESS = NO;
				LLVM_LTO = YES;
				MACOSX_DEPLOYMENT_TARGET = 10.13;
				MTL_HEADER_SEARCH_PATHS = "$(SRCROOT)/../../JUCE/modules/juce_audio_processors/format_types/VST3_SDK $(SRCROOT)/../../JuceLibraryCode $(SRCROOT)/../../submodules $(SRCROOT)/../../JUCE/modules $(SRCROOT)/../../JUCE/modules/juce_audio_plugin_client/AU";
				OTHER_LDFLAGS = "-lTriumvirateBass -weak_framework Metal -weak_framework MetalKit";
				PRODUCT_BUNDLE_IDENTIFIER = com.raffasansone.TriumvirateBass;
				PRODUCT_NAME = "TriumvirateBass";
				USE_HEADERMAP = NO;
				VALID_ARCHS = "i386 x86_64 arm64 arm64e";
			};
			name = Release;
		};
		D1CE82D19FB9F2936981A18B /* Debug */ = {
			isa = XCBuildConfiguration;
			buildSettings = {
				CLANG_CXX_LANGUAGE_STANDARD = "c++17";
				CLANG_CXX_LIBRARY = "libc++";
				CLANG_LINK_OBJC_RUNTIME = NO;
				COMBINE_HIDPI_IMAGES = YES;
				CONFIGURATION_BUILD_DIR = "$(PROJECT_DIR)/build/$(CONFIGURATION)";
				COPY_PHASE_STRIP = NO;
				DEPLOYMENT_LOCATION = YES;
				DSTROOT = /;
				EXCLUDED_ARCHS = "";
				GCC_DYNAMIC_NO_PIC = NO;
				GCC_OPTIMIZATION_LEVEL = 0;
				GCC_PREPROCESSOR_DEFINITIONS = (
					"_DEBUG=1",
					"DEBUG=1",
					"JUCE_DISPLAY_SPLASH_SCREEN=1",
					"JUCE_USE_DARK_SPLASH_SCREEN=1",
					"JUCE_PROJUCER_VERSION=0x70004",
					"JUCE_MODULE_AVAILABLE_ff_meters=1",
					"JUCE_MODULE_AVAILABLE_juce_audio_basics=1",
					"JUCE_MODULE_AVAILABLE_juce_audio_devices=1",
					"JUCE_MODULE_AVAILABLE_juce_audio_formats=1",
					"JUCE_MODULE_AVAILABLE_juce_audio_plugin_client=1",
					"JUCE_MODULE_AVAILABLE_juce_audio_processors=1",
					"JUCE_MODULE_AVAILABLE_juce_audio_utils=1",
					"JUCE_MODULE_AVAILABLE_juce_core=1",
					"JUCE_MODULE_AVAILABLE_juce_data_structures=1",
					"JUCE_MODULE_AVAILABLE_juce_dsp=1",
					"JUCE_MODULE_AVAILABLE_juce_events=1",
					"JUCE_MODULE_AVAILABLE_juce_graphics=1",
					"JUCE_MODULE_AVAILABLE_juce_gui_basics=1",
					"JUCE_MODULE_AVAILABLE_juce_gui_extra=1",
					"JUCE_GLOBAL_MODULE_SETTINGS_INCLUDED=1",
					"JUCE_VST3_CAN_REPLACE_VST2=0",
					"JUCE_STRICT_REFCOUNTEDPOINTER=1",
					"JucePlugin_Build_VST=0",
					"JucePlugin_Build_VST3=1",
					"JucePlugin_Build_AU=0",
					"JucePlugin_Build_AUv3=0",
					"JucePlugin_Build_AAX=0",
					"JucePlugin_Build_Standalone=0",
					"JucePlugin_Build_Unity=0",
					"JucePlugin_Build_LV2=0",
					"JucePlugin_Enable_IAA=0",
					"JucePlugin_Enable_ARA=0",
					"JucePlugin_Name=\\\"TriumvirateBass\\\"",
					"JucePlugin_Desc=\\\"TriumvirateBass\\\"",
					"JucePlugin_Manufacturer=\\\"raffasansone\\\"",
					"JucePlugin_ManufacturerWebsite=\\\"www.raffaelesansone.com\\\"",
					"JucePlugin_ManufacturerEmail=\\\"\\\"",
					"JucePlugin_ManufacturerCode=0x5246534e",
					"JucePlugin_PluginCode=0x54525642",
					"JucePlugin_IsSynth=0",
					"JucePlugin_WantsMidiInput=0",
					"JucePlugin_ProducesMidiOutput=0",
					"JucePlugin_IsMidiEffect=0",
					"JucePlugin_EditorRequiresKeyboardFocus=0",
					"JucePlugin_Version=0.1.0",
					"JucePlugin_VersionCode=0x100",
					"JucePlugin_VersionString=\\\"0.1.0\\\"",
					"JucePlugin_VSTUniqueID=JucePlugin_PluginCode",
					"JucePlugin_VSTCategory=kPlugCategEffect",
					"JucePlugin_Vst3Category=\\\"Fx|Distortion\\\"",
					"JucePlugin_AUMainType=\\'aufx\\'",
					"JucePlugin_AUSubType=JucePlugin_PluginCode",
					"JucePlugin_AUExportPrefix=TriumvirateBassAU",
					"JucePlugin_AUExportPrefixQuoted=\\\"TriumvirateBassAU\\\"",
					"JucePlugin_AUManufacturerCode=JucePlugin_ManufacturerCode",
					"JucePlugin_CFBundleIdentifier=com.raffasansone.TriumvirateBass",
					"JucePlugin_AAXIdentifier=com.raffasansone.TriumvirateBass",
					"JucePlugin_AAXManufacturerCode=JucePlugin_ManufacturerCode",
					"JucePlugin_AAXProductId=JucePlugin_PluginCode",
					"JucePlugin_AAXCategory=0",
					"JucePlugin_AAXDisableBypass=0",
					"JucePlugin_AAXDisableMultiMono=0",
					"JucePlugin_IAAType=0x61757278",
					"JucePlugin_IAASubType=JucePlugin_PluginCode",
					"JucePlugin_IAAName=\\\"raffasansone:\\ TriumvirateBass\\\"",
					"JucePlugin_VSTNumMidiInputs=16",
					"JucePlugin_VSTNumMidiOutputs=16",
					"JucePlugin_ARAContentTypes=0",
					"JucePlugin_ARATransformationFlags=0",
					"JucePlugin_ARAFactoryID=\\\"com.raffasansone.TriumvirateBass.factory\\\"",
					"JucePlugin_ARADocumentArchiveID=\\\"com.raffasansone.TriumvirateBass.aradocumentarchive.0.1.0\\\"",
					"JucePlugin_ARACompatibleArchiveIDs=\\\"\\\"",
					"JUCE_STANDALONE_APPLICATION=JucePlugin_Build_Standalone",
					"JUCER_XCODE_MAC_F6D2F4CF=1",
					"JUCE_APP_VERSION=0.1.0",
					"JUCE_APP_VERSION_HEX=0x100",
				);
				GCC_VERSION = com.apple.compilers.llvm.clang.1_0;
				GENERATE_PKGINFO_FILE = YES;
				HEADER_SEARCH_PATHS = (
					"$(SRCROOT)/../../JUCE/modules/juce_audio_processors/format_types/VST3_SDK",
					"$(SRCROOT)/../../JuceLibraryCode",
					"$(SRCROOT)/../../submodules",
					"$(SRCROOT)/../../JUCE/modules",
					"$(SRCROOT)/../../JUCE/modules/juce_audio_plugin_client/AU",
					"$(inherited)",
				);
				INFOPLIST_FILE = Info-VST3.plist;
				INFOPLIST_PREPROCESS = NO;
				INSTALL_PATH = "$(HOME)/Library/Audio/Plug-Ins/VST3/";
				LIBRARY_STYLE = Bundle;
				MACOSX_DEPLOYMENT_TARGET = 10.13;
				MTL_HEADER_SEARCH_PATHS = "$(SRCROOT)/../../JUCE/modules/juce_audio_processors/format_types/VST3_SDK $(SRCROOT)/../../JuceLibraryCode $(SRCROOT)/../../submodules $(SRCROOT)/../../JUCE/modules $(SRCROOT)/../../JUCE/modules/juce_audio_plugin_client/AU";
				OTHER_LDFLAGS = "-bundle -lTriumvirateBass -weak_framework Metal -weak_framework MetalKit";
				PRODUCT_BUNDLE_IDENTIFIER = com.raffasansone.TriumvirateBass;
				PRODUCT_NAME = "TriumvirateBass";
				USE_HEADERMAP = NO;
				VALID_ARCHS = "i386 x86_64 arm64 arm64e";
				WRAPPER_EXTENSION = vst3;
			};
			name = Debug;
		};
		F3D9099FF2533589A2500056 /* Debug */ = {
			isa = XCBuildConfiguration;
			buildSettings = {
				CLANG_CXX_LANGUAGE_STANDARD = "c++17";
				CLANG_CXX_LIBRARY = "libc++";
				CLANG_LINK_OBJC_RUNTIME = NO;
				COMBINE_HIDPI_IMAGES = YES;
				CONFIGURATION_BUILD_DIR = "$(PROJECT_DIR)/build/$(CONFIGURATION)";
				COPY_PHASE_STRIP = NO;
				EXCLUDED_ARCHS = "";
				GCC_DYNAMIC_NO_PIC = NO;
				GCC_OPTIMIZATION_LEVEL = 0;
				GCC_PREPROCESSOR_DEFINITIONS = (
					"_DEBUG=1",
					"DEBUG=1",
					"JUCE_DISPLAY_SPLASH_SCREEN=1",
					"JUCE_USE_DARK_SPLASH_SCREEN=1",
					"JUCE_PROJUCER_VERSION=0x70004",
					"JUCE_MODULE_AVAILABLE_ff_meters=1",
					"JUCE_MODULE_AVAILABLE_juce_audio_basics=1",
					"JUCE_MODULE_AVAILABLE_juce_audio_devices=1",
					"JUCE_MODULE_AVAILABLE_juce_audio_formats=1",
					"JUCE_MODULE_AVAILABLE_juce_audio_plugin_client=1",
					"JUCE_MODULE_AVAILABLE_juce_audio_processors=1",
					"JUCE_MODULE_AVAILABLE_juce_audio_utils=1",
					"JUCE_MODULE_AVAILABLE_juce_core=1",
					"JUCE_MODULE_AVAILABLE_juce_data_structures=1",
					"JUCE_MODULE_AVAILABLE_juce_dsp=1",
					"JUCE_MODULE_AVAILABLE_juce_events=1",
					"JUCE_MODULE_AVAILABLE_juce_graphics=1",
					"JUCE_MODULE_AVAILABLE_juce_gui_basics=1",
					"JUCE_MODULE_AVAILABLE_juce_gui_extra=1",
					"JUCE_GLOBAL_MODULE_SETTINGS_INCLUDED=1",
					"JUCE_VST3_CAN_REPLACE_VST2=0",
					"JUCE_STRICT_REFCOUNTEDPOINTER=1",
					"JucePlugin_Build_VST=0",
					"JucePlugin_Build_VST3=1",
					"JucePlugin_Build_AU=1",
					"JucePlugin_Build_AUv3=0",
					"JucePlugin_Build_AAX=0",
					"JucePlugin_Build_Standalone=1",
					"JucePlugin_Build_Unity=0",
					"JucePlugin_Build_LV2=0",
					"JucePlugin_Enable_IAA=0",
					"JucePlugin_Enable_ARA=0",
					"JucePlugin_Name=\\\"TriumvirateBass\\\"",
					"JucePlugin_Desc=\\\"TriumvirateBass\\\"",
					"JucePlugin_Manufacturer=\\\"raffasansone\\\"",
					"JucePlugin_ManufacturerWebsite=\\\"www.raffaelesansone.com\\\"",
					"JucePlugin_ManufacturerEmail=\\\"\\\"",
					"JucePlugin_ManufacturerCode=0x5246534e",
					"JucePlugin_PluginCode=0x54525642",
					"JucePlugin_IsSynth=0",
					"JucePlugin_WantsMidiInput=0",
					"JucePlugin_ProducesMidiOutput=0",
					"JucePlugin_IsMidiEffect=0",
					"JucePlugin_EditorRequiresKeyboardFocus=0",
					"JucePlugin_Version=0.1.0",
					"JucePlugin_VersionCode=0x100",
					"JucePlugin_VersionString=\\\"0.1.0\\\"",
					"JucePlugin_VSTUniqueID=JucePlugin_PluginCode",
					"JucePlugin_VSTCategory=kPlugCategEffect",
					"JucePlugin_Vst3Category=\\\"Fx|Distortion\\\"",
					"JucePlugin_AUMainType=\\'aufx\\'",
					"JucePlugin_AUSubType=JucePlugin_PluginCode",
					"JucePlugin_AUExportPrefix=TriumvirateBassAU",
					"JucePlugin_AUExportPrefixQuoted=\\\"TriumvirateBassAU\\\"",
					"JucePlugin_AUManufacturerCode=JucePlugin_ManufacturerCode",
					"JucePlugin_CFBundleIdentifier=com.raffasansone.TriumvirateBass",
					"JucePlugin_AAXIdentifier=com.raffasansone.TriumvirateBass",
					"JucePlugin_AAXManufacturerCode=JucePlugin_ManufacturerCode",
					"JucePlugin_AAXProductId=JucePlugin_PluginCode",
					"JucePlugin_AAXCategory=0",
					"JucePlugin_AAXDisableBypass=0",
					"JucePlugin_AAXDisableMultiMono=0",
					"JucePlugin_IAAType=0x61757278",
					"JucePlugin_IAASubType=JucePlugin_PluginCode",
					"JucePlugin_IAAName=\\\"raffasansone:\\ TriumvirateBass\\\"",
					"JucePlugin_VSTNumMidiInputs=16",
					"JucePlugin_VSTNumMidiOutputs=16",
					"JucePlugin_ARAContentTypes=0",
					"JucePlugin_ARATransformationFlags=0",
					"JucePlugin_ARAFactoryID=\\\"com.raffasansone.TriumvirateBass.factory\\\"",
					"JucePlugin_ARADocumentArchiveID=\\\"com.raffasansone.TriumvirateBass.aradocumentarchive.0.1.0\\\"",
					"JucePlugin_ARACompatibleArchiveIDs=\\\"\\\"",
					"JUCE_STANDALONE_APPLICATION=JucePlugin_Build_Standalone",
					"JUCER_XCODE_MAC_F6D2F4CF=1",
					"JUCE_APP_VERSION=0.1.0",
					"JUCE_APP_VERSION_HEX=0x100",
					"JUCE_SHARED_CODE=1",
				);
				GCC_VERSION = com.apple.compilers.llvm.clang.1_0;
				HEADER_SEARCH_PATHS = (
					"$(SRCROOT)/../../JUCE/modules/juce_audio_processors/format_types/VST3_SDK",
					"$(SRCROOT)/../../JuceLibraryCode",
					"$(SRCROOT)/../../submodules",
					"$(SRCROOT)/../../JUCE/modules",
					"$(SRCROOT)/../../JUCE/modules/juce_audio_plugin_client/AU",
					"$(inherited)",
				);
				INSTALL_PATH = "@executable_path/../Frameworks";
				MACOSX_DEPLOYMENT_TARGET = 10.13;
				MTL_HEADER_SEARCH_PATHS = "$(SRCROOT)/../../JUCE/modules/juce_audio_processors/format_types/VST3_SDK $(SRCROOT)/../../JuceLibraryCode $(SRCROOT)/../../submodules $(SRCROOT)/../../JUCE/modules $(SRCROOT)/../../JUCE/modules/juce_audio_plugin_client/AU";
				OTHER_LDFLAGS = "-weak_framework Metal -weak_framework MetalKit";
				PRODUCT_BUNDLE_IDENTIFIER = com.raffasansone.TriumvirateBass;
				PRODUCT_NAME = "TriumvirateBass";
				SKIP_INSTALL = YES;
				USE_HEADERMAP = NO;
				VALID_ARCHS = "i386 x86_64 arm64 arm64e";
			};
			name = Debug;
		};
/* End XCBuildConfiguration section */

/* Begin XCConfigurationList section */
		06E6698275EC917B79EB1D4B = {
			isa = XCConfigurationList;
			buildConfigurations = (
				A950EA7F1CB0CBFACC0FBF5C,
				64CCDD17DA3F5B0E202BC614,
			);
			defaultConfigurationIsVisible = 0;
			defaultConfigurationName = Debug;
		};
		3ABDEE6A30D4E8EDF9DBD58D = {
			isa = XCConfigurationList;
			buildConfigurations = (
				0F901CE7AD8ED7B17BB8F7D4,
				6971346224FE91EEC2565471,
			);
			defaultConfigurationIsVisible = 0;
			defaultConfigurationName = Debug;
		};
		510F5216BED00F6E219B8AE4 = {
			isa = XCConfigurationList;
			buildConfigurations = (
				61ECA08F42ECDA44F1EDFCDD,
				AF2A17C106F4C937F1FDA704,
			);
			defaultConfigurationIsVisible = 0;
			defaultConfigurationName = Debug;
		};
		6831B997B4024AA462F48505 = {
			isa = XCConfigurationList;
			buildConfigurations = (
				D1CE82D19FB9F2936981A18B,
				8AE37A41A2A73095ED32F174,
			);
			defaultConfigurationIsVisible = 0;
			defaultConfigurationName = Debug;
		};
		A36EF1F2EA9AAD61C1B876FB = {
			isa = XCConfigurationList;
			buildConfigurations = (
				F3D9099FF2533589A2500056,
				4760126F4526AE49099D2518,
			);
			defaultConfigurationIsVisible = 0;
			defaultConfigurationName = Debug;
		};
		C2C86ABB69B3485F3194C4B5 = {
			isa = XCConfigurationList;
			buildConfigurations = (
				39CCE4155983A95517C259D5,
				CBC4B4AF141C080055931E61,
			);
			defaultConfigurationIsVisible = 0;
			defaultConfigurationName = Debug;
		};
/* End XCConfigurationList section */
	};
	rootObject = A3A93B5A8FF790563F38E02C /* Project object */;
}
